
Microsoft Visual Studio Solution File, Format Version 11.00
# Visual Studio 2010
Project("{8BC9CEB8-8B4A-11D0-8D11-00A0C91BC942}") = "IntroGame", "IntroGame\IntroGame.vcxproj", "{CA407A30-2127-4368-BAAE-111123F000CB}"
	ProjectSection(ProjectDependencies) = postProject
		{3A214E06-B95E-4D61-A291-1F8DF2EC10FD} = {3A214E06-B95E-4D61-A291-1F8DF2EC10FD}
		{98400D17-43A5-1A40-95BE-C53AC78E7694} = {98400D17-43A5-1A40-95BE-C53AC78E7694}
		{958B2042-89DD-422B-B103-85ED2E41F20B} = {958B2042-89DD-422B-B103-85ED2E41F20B}
		{4DA03747-F505-4A98-9124-03B3B73B9B3B} = {4DA03747-F505-4A98-9124-03B3B73B9B3B}
		{9D35B14A-44E9-7346-B483-E19F8DA74E4F} = {9D35B14A-44E9-7346-B483-E19F8DA74E4F}
		{21CCDF71-9702-4596-860C-ECC082E63F5E} = {21CCDF71-9702-4596-860C-ECC082E63F5E}
		{DC0ED983-3C48-4E71-8AFF-998661D9E42E} = {DC0ED983-3C48-4E71-8AFF-998661D9E42E}
		{DC0ED983-3C48-4E71-8AFF-998661D9E42E} = {DC0ED983-3C48-4E71-8AFF-998661D9E42E}
		{CEBDE98B-A6AA-46E6-BC79-FAAF823DB9EC} = {CEBDE98B-A6AA-46E6-BC79-FAAF823DB9EC}
		{78B079BD-9FC7-4B9E-B4A6-96DA0F00248B} = {78B079BD-9FC7-4B9E-B4A6-96DA0F00248B}
		{15CBFEFF-7965-41F5-B4E2-21E8795C9159} = {15CBFEFF-7965-41F5-B4E2-21E8795C9159}
	EndProjectSection
EndProject
Project("{8BC9CEB8-8B4A-11D0-8D11-00A0C91BC942}") = "ClientGame", "ClientGame\ClientGame.vcxproj", "{5B267A7F-D9DF-4B2E-B3E7-73A4EF0F1A36}"
	ProjectSection(ProjectDependencies) = postProject
		{3A214E06-B95E-4D61-A291-1F8DF2EC10FD} = {3A214E06-B95E-4D61-A291-1F8DF2EC10FD}
		{98400D17-43A5-1A40-95BE-C53AC78E7694} = {98400D17-43A5-1A40-95BE-C53AC78E7694}
		{958B2042-89DD-422B-B103-85ED2E41F20B} = {958B2042-89DD-422B-B103-85ED2E41F20B}
		{4DA03747-F505-4A98-9124-03B3B73B9B3B} = {4DA03747-F505-4A98-9124-03B3B73B9B3B}
		{9D35B14A-44E9-7346-B483-E19F8DA74E4F} = {9D35B14A-44E9-7346-B483-E19F8DA74E4F}
		{21CCDF71-9702-4596-860C-ECC082E63F5E} = {21CCDF71-9702-4596-860C-ECC082E63F5E}
		{DC0ED983-3C48-4E71-8AFF-998661D9E42E} = {DC0ED983-3C48-4E71-8AFF-998661D9E42E}
		{DC0ED983-3C48-4E71-8AFF-998661D9E42E} = {DC0ED983-3C48-4E71-8AFF-998661D9E42E}
		{CEBDE98B-A6AA-46E6-BC79-FAAF823DB9EC} = {CEBDE98B-A6AA-46E6-BC79-FAAF823DB9EC}
		{78B079BD-9FC7-4B9E-B4A6-96DA0F00248B} = {78B079BD-9FC7-4B9E-B4A6-96DA0F00248B}
		{15CBFEFF-7965-41F5-B4E2-21E8795C9159} = {15CBFEFF-7965-41F5-B4E2-21E8795C9159}
	EndProjectSection
EndProject
Project("{8BC9CEB8-8B4A-11D0-8D11-00A0C91BC942}") = "Angel", "Angel\Angel.vcxproj", "{D9A0401F-5FAF-483D-81EB-1066CD52F9D4}"
	ProjectSection(ProjectDependencies) = postProject
		{3A214E06-B95E-4D61-A291-1F8DF2EC10FD} = {3A214E06-B95E-4D61-A291-1F8DF2EC10FD}
		{98400D17-43A5-1A40-95BE-C53AC78E7694} = {98400D17-43A5-1A40-95BE-C53AC78E7694}
		{4DA03747-F505-4A98-9124-03B3B73B9B3B} = {4DA03747-F505-4A98-9124-03B3B73B9B3B}
		{9D35B14A-44E9-7346-B483-E19F8DA74E4F} = {9D35B14A-44E9-7346-B483-E19F8DA74E4F}
		{21CCDF71-9702-4596-860C-ECC082E63F5E} = {21CCDF71-9702-4596-860C-ECC082E63F5E}
		{DC0ED983-3C48-4E71-8AFF-998661D9E42E} = {DC0ED983-3C48-4E71-8AFF-998661D9E42E}
		{CEBDE98B-A6AA-46E6-BC79-FAAF823DB9EC} = {CEBDE98B-A6AA-46E6-BC79-FAAF823DB9EC}
	EndProjectSection
EndProject
Project("{8BC9CEB8-8B4A-11D0-8D11-00A0C91BC942}") = "_freetype", "Angel\Libraries\freetype-2.4.8\builds\win32\vc2010\freetype.vcxproj", "{78B079BD-9FC7-4B9E-B4A6-96DA0F00248B}"
EndProject
Project("{8BC9CEB8-8B4A-11D0-8D11-00A0C91BC942}") = "_FTGL", "Angel\Libraries\FTGL\win32_vcpp\ftgl_static_lib\ftgl_static_lib.vcxproj", "{21CCDF71-9702-4596-860C-ECC082E63F5E}"
	ProjectSection(ProjectDependencies) = postProject
		{78B079BD-9FC7-4B9E-B4A6-96DA0F00248B} = {78B079BD-9FC7-4B9E-B4A6-96DA0F00248B}
	EndProjectSection
EndProject
Project("{8BC9CEB8-8B4A-11D0-8D11-00A0C91BC942}") = "_GLFW", "Angel\Libraries\glfw-3.0.3\GLFW.vcxproj", "{4DA03747-F505-4A98-9124-03B3B73B9B3B}"
EndProject
Project("{8BC9CEB8-8B4A-11D0-8D11-00A0C91BC942}") = "_LuaLib", "Angel\Libraries\lua-5.2.1\Lua.vcxproj", "{958B2042-89DD-422B-B103-85ED2E41F20B}"
EndProject
Project("{8BC9CEB8-8B4A-11D0-8D11-00A0C91BC942}") = "_LuaExe", "Angel\Libraries\lua-5.2.1\LuaExe.vcxproj", "{DC0ED983-3C48-4E71-8AFF-998661D9E42E}"
EndProject
Project("{8BC9CEB8-8B4A-11D0-8D11-00A0C91BC942}") = "_libogg", "Angel\Libraries\libogg-1.3.0\win32\VS2010\libogg_static.vcxproj", "{15CBFEFF-7965-41F5-B4E2-21E8795C9159}"
EndProject
Project("{8BC9CEB8-8B4A-11D0-8D11-00A0C91BC942}") = "_libvorbis", "Angel\Libraries\libvorbis-1.3.2\win32\VS2010\libvorbis\libvorbis_static.vcxproj", "{3A214E06-B95E-4D61-A291-1F8DF2EC10FD}"
EndProject
Project("{8BC9CEB8-8B4A-11D0-8D11-00A0C91BC942}") = "_libvorbisfile", "Angel\Libraries\libvorbis-1.3.2\win32\VS2010\libvorbisfile\libvorbisfile_static.vcxproj", "{CEBDE98B-A6AA-46E6-BC79-FAAF823DB9EC}"
EndProject
Project("{8BC9CEB8-8B4A-11D0-8D11-00A0C91BC942}") = "_Box2D", "Angel\Libraries\Box2D-2.2.1\Build\vs2010\Box2D.vcxproj", "{98400D17-43A5-1A40-95BE-C53AC78E7694}"
EndProject
Project("{8BC9CEB8-8B4A-11D0-8D11-00A0C91BC942}") = "_GWEN", "Angel\Libraries\gwen\Projects\windows\vs2010\GWEN-Static.vcxproj", "{9D35B14A-44E9-7346-B483-E19F8DA74E4F}"
EndProject
Global
	GlobalSection(SolutionConfigurationPlatforms) = preSolution
		Debug|Win32 = Debug|Win32
		Release|Win32 = Release|Win32
	EndGlobalSection
	GlobalSection(ProjectConfigurationPlatforms) = postSolution
		{CA407A30-2127-4368-BAAE-111123F000CB}.Debug|Win32.ActiveCfg = Debug|Win32
		{CA407A30-2127-4368-BAAE-111123F000CB}.Debug|Win32.Build.0 = Debug|Win32
		{CA407A30-2127-4368-BAAE-111123F000CB}.Release|Win32.ActiveCfg = Release|Win32
		{CA407A30-2127-4368-BAAE-111123F000CB}.Release|Win32.Build.0 = Release|Win32
		{5B267A7F-D9DF-4B2E-B3E7-73A4EF0F1A36}.Debug|Win32.ActiveCfg = Debug|Win32
		{5B267A7F-D9DF-4B2E-B3E7-73A4EF0F1A36}.Debug|Win32.Build.0 = Debug|Win32
		{5B267A7F-D9DF-4B2E-B3E7-73A4EF0F1A36}.Release|Win32.ActiveCfg = Release|Win32
		{5B267A7F-D9DF-4B2E-B3E7-73A4EF0F1A36}.Release|Win32.Build.0 = Release|Win32
		{D9A0401F-5FAF-483D-81EB-1066CD52F9D4}.Debug|Win32.ActiveCfg = Debug|Win32
		{D9A0401F-5FAF-483D-81EB-1066CD52F9D4}.Debug|Win32.Build.0 = Debug|Win32
		{D9A0401F-5FAF-483D-81EB-1066CD52F9D4}.Release|Win32.ActiveCfg = Release|Win32
		{D9A0401F-5FAF-483D-81EB-1066CD52F9D4}.Release|Win32.Build.0 = Release|Win32
		{78B079BD-9FC7-4B9E-B4A6-96DA0F00248B}.Debug|Win32.ActiveCfg = Debug|Win32
		{78B079BD-9FC7-4B9E-B4A6-96DA0F00248B}.Debug|Win32.Build.0 = Debug|Win32
		{78B079BD-9FC7-4B9E-B4A6-96DA0F00248B}.Release|Win32.ActiveCfg = Release|Win32
		{78B079BD-9FC7-4B9E-B4A6-96DA0F00248B}.Release|Win32.Build.0 = Release|Win32
		{21CCDF71-9702-4596-860C-ECC082E63F5E}.Debug|Win32.ActiveCfg = Debug|Win32
		{21CCDF71-9702-4596-860C-ECC082E63F5E}.Debug|Win32.Build.0 = Debug|Win32
		{21CCDF71-9702-4596-860C-ECC082E63F5E}.Release|Win32.ActiveCfg = Release|Win32
		{21CCDF71-9702-4596-860C-ECC082E63F5E}.Release|Win32.Build.0 = Release|Win32
		{4DA03747-F505-4A98-9124-03B3B73B9B3B}.Debug|Win32.ActiveCfg = Debug|Win32
		{4DA03747-F505-4A98-9124-03B3B73B9B3B}.Debug|Win32.Build.0 = Debug|Win32
		{4DA03747-F505-4A98-9124-03B3B73B9B3B}.Release|Win32.ActiveCfg = Release|Win32
		{4DA03747-F505-4A98-9124-03B3B73B9B3B}.Release|Win32.Build.0 = Release|Win32
		{958B2042-89DD-422B-B103-85ED2E41F20B}.Debug|Win32.ActiveCfg = Debug|Win32
		{958B2042-89DD-422B-B103-85ED2E41F20B}.Debug|Win32.Build.0 = Debug|Win32
		{958B2042-89DD-422B-B103-85ED2E41F20B}.Release|Win32.ActiveCfg = Release|Win32
		{958B2042-89DD-422B-B103-85ED2E41F20B}.Release|Win32.Build.0 = Release|Win32
		{DC0ED983-3C48-4E71-8AFF-998661D9E42E}.Debug|Win32.ActiveCfg = Debug|Win32
		{DC0ED983-3C48-4E71-8AFF-998661D9E42E}.Debug|Win32.Build.0 = Debug|Win32
		{DC0ED983-3C48-4E71-8AFF-998661D9E42E}.Release|Win32.ActiveCfg = Release|Win32
		{DC0ED983-3C48-4E71-8AFF-998661D9E42E}.Release|Win32.Build.0 = Release|Win32
		{15CBFEFF-7965-41F5-B4E2-21E8795C9159}.Debug|Win32.ActiveCfg = Debug|Win32
		{15CBFEFF-7965-41F5-B4E2-21E8795C9159}.Debug|Win32.Build.0 = Debug|Win32
		{15CBFEFF-7965-41F5-B4E2-21E8795C9159}.Release|Win32.ActiveCfg = Release|Win32
		{15CBFEFF-7965-41F5-B4E2-21E8795C9159}.Release|Win32.Build.0 = Release|Win32
		{3A214E06-B95E-4D61-A291-1F8DF2EC10FD}.Debug|Win32.ActiveCfg = Debug|Win32
		{3A214E06-B95E-4D61-A291-1F8DF2EC10FD}.Debug|Win32.Build.0 = Debug|Win32
		{3A214E06-B95E-4D61-A291-1F8DF2EC10FD}.Release|Win32.ActiveCfg = Release|Win32
		{3A214E06-B95E-4D61-A291-1F8DF2EC10FD}.Release|Win32.Build.0 = Release|Win32
		{CEBDE98B-A6AA-46E6-BC79-FAAF823DB9EC}.Debug|Win32.ActiveCfg = Debug|Win32
		{CEBDE98B-A6AA-46E6-BC79-FAAF823DB9EC}.Debug|Win32.Build.0 = Debug|Win32
		{CEBDE98B-A6AA-46E6-BC79-FAAF823DB9EC}.Release|Win32.ActiveCfg = Release|Win32
		{CEBDE98B-A6AA-46E6-BC79-FAAF823DB9EC}.Release|Win32.Build.0 = Release|Win32
		{98400D17-43A5-1A40-95BE-C53AC78E7694}.Debug|Win32.ActiveCfg = Debug|Win32
		{98400D17-43A5-1A40-95BE-C53AC78E7694}.Debug|Win32.Build.0 = Debug|Win32
		{98400D17-43A5-1A40-95BE-C53AC78E7694}.Release|Win32.ActiveCfg = Release|Win32
		{98400D17-43A5-1A40-95BE-C53AC78E7694}.Release|Win32.Build.0 = Release|Win32
		{9D35B14A-44E9-7346-B483-E19F8DA74E4F}.Debug|Win32.ActiveCfg = Debug|Win32
		{9D35B14A-44E9-7346-B483-E19F8DA74E4F}.Debug|Win32.Build.0 = Debug|Win32
		{9D35B14A-44E9-7346-B483-E19F8DA74E4F}.Release|Win32.ActiveCfg = Release|Win32
		{9D35B14A-44E9-7346-B483-E19F8DA74E4F}.Release|Win32.Build.0 = Release|Win32
	EndGlobalSection
	GlobalSection(SolutionProperties) = preSolution
		HideSolutionNode = FALSE
	EndGlobalSection
EndGlobal
