
Microsoft Visual Studio Solution File, Format Version 9.00
# Visual C++ Express 2005
Project("{8BC9CEB8-8B4A-11D0-8D11-00A0C91BC942}") = "IntroGame", "IntroGame\IntroGame.vcproj", "{CA407A30-2127-4368-BAAE-111123F000CB}"
EndProject
Project("{8BC9CEB8-8B4A-11D0-8D11-00A0C91BC942}") = "Angel", "Angel\Angel.vcproj", "{D9A0401F-5FAF-483D-81EB-1066CD52F9D4}"
	ProjectSection(ProjectDependencies) = postProject
		{987306EC-6BAD-4440-B4FB-A699A1EE6A28} = {987306EC-6BAD-4440-B4FB-A699A1EE6A28}
		{BAA85EB9-BE33-45FB-B552-0AB3AC4D9CA9} = {BAA85EB9-BE33-45FB-B552-0AB3AC4D9CA9}
		{7A2DFC3D-516A-471D-A215-BD40E5E5AD9A} = {7A2DFC3D-516A-471D-A215-BD40E5E5AD9A}
	EndProjectSection
EndProject
Project("{8BC9CEB8-8B4A-11D0-8D11-00A0C91BC942}") = "_freetype", "Angel\Libraries\freetype-2.3.7\builds\win32\visualc\freetype.vcproj", "{78B079BD-9FC7-4B9E-B4A6-96DA0F00248B}"
EndProject
Project("{8BC9CEB8-8B4A-11D0-8D11-00A0C91BC942}") = "_FTGL", "Angel\Libraries\FTGL\win32_vcpp\ftgl_static_lib\ftgl_static_lib.vcproj", "{21CCDF71-9702-4596-860C-ECC082E63F5E}"
EndProject
Project("{8BC9CEB8-8B4A-11D0-8D11-00A0C91BC942}") = "_Box2D", "Angel\Libraries\Box2D-2.0.1\Build\VC8\Box2D.vcproj", "{7A2DFC3D-516A-471D-A215-BD40E5E5AD9A}"
EndProject
Project("{8BC9CEB8-8B4A-11D0-8D11-00A0C91BC942}") = "ClientGame", "ClientGame\ClientGame.vcproj", "{5B267A7F-D9DF-4B2E-B3E7-73A4EF0F1A36}"
EndProject
Project("{8BC9CEB8-8B4A-11D0-8D11-00A0C91BC942}") = "_GLFW", "Angel\Libraries\glfw\support\msvc80\GLFW.vcproj", "{BAA85EB9-BE33-45FB-B552-0AB3AC4D9CA9}"
EndProject
Project("{8BC9CEB8-8B4A-11D0-8D11-00A0C91BC942}") = "_pythoncore", "Angel\Libraries\Python-2.5.2\PCbuild8\pythoncore\pythoncore.vcproj", "{987306EC-6BAD-4440-B4FB-A699A1EE6A28}"
	ProjectSection(ProjectDependencies) = postProject
		{2AB2AC43-1B73-40B1-8964-95B3FC3F15ED} = {2AB2AC43-1B73-40B1-8964-95B3FC3F15ED}
		{87AB87DB-B665-4621-A67B-878C15B93FF0} = {87AB87DB-B665-4621-A67B-878C15B93FF0}
	EndProjectSection
EndProject
Project("{8BC9CEB8-8B4A-11D0-8D11-00A0C91BC942}") = "_make_buildinfo", "Angel\Libraries\Python-2.5.2\PCbuild8\make_buildinfo\make_buildinfo.vcproj", "{87AB87DB-B665-4621-A67B-878C15B93FF0}"
EndProject
Project("{8BC9CEB8-8B4A-11D0-8D11-00A0C91BC942}") = "_make_versioninfo", "Angel\Libraries\Python-2.5.2\PCbuild8\make_versioninfo\make_versioninfo.vcproj", "{2AB2AC43-1B73-40B1-8964-95B3FC3F15ED}"
EndProject
Global
	GlobalSection(SolutionConfigurationPlatforms) = preSolution
		Debug|Win32 = Debug|Win32
		Release|Win32 = Release|Win32
	EndGlobalSection
	GlobalSection(ProjectConfigurationPlatforms) = postSolution
		{CA407A30-2127-4368-BAAE-111123F000CB}.Debug|Win32.ActiveCfg = Debug|Win32
		{CA407A30-2127-4368-BAAE-111123F000CB}.Debug|Win32.Build.0 = Debug|Win32
		{CA407A30-2127-4368-BAAE-111123F000CB}.Release|Win32.ActiveCfg = Release|Win32
		{CA407A30-2127-4368-BAAE-111123F000CB}.Release|Win32.Build.0 = Release|Win32
		{D9A0401F-5FAF-483D-81EB-1066CD52F9D4}.Debug|Win32.ActiveCfg = Debug|Win32
		{D9A0401F-5FAF-483D-81EB-1066CD52F9D4}.Debug|Win32.Build.0 = Debug|Win32
		{D9A0401F-5FAF-483D-81EB-1066CD52F9D4}.Release|Win32.ActiveCfg = Release|Win32
		{D9A0401F-5FAF-483D-81EB-1066CD52F9D4}.Release|Win32.Build.0 = Release|Win32
		{78B079BD-9FC7-4B9E-B4A6-96DA0F00248B}.Debug|Win32.ActiveCfg = Debug|Win32
		{78B079BD-9FC7-4B9E-B4A6-96DA0F00248B}.Debug|Win32.Build.0 = Debug|Win32
		{78B079BD-9FC7-4B9E-B4A6-96DA0F00248B}.Release|Win32.ActiveCfg = Release|Win32
		{78B079BD-9FC7-4B9E-B4A6-96DA0F00248B}.Release|Win32.Build.0 = Release|Win32
		{21CCDF71-9702-4596-860C-ECC082E63F5E}.Debug|Win32.ActiveCfg = Debug|Win32
		{21CCDF71-9702-4596-860C-ECC082E63F5E}.Debug|Win32.Build.0 = Debug|Win32
		{21CCDF71-9702-4596-860C-ECC082E63F5E}.Release|Win32.ActiveCfg = Release|Win32
		{21CCDF71-9702-4596-860C-ECC082E63F5E}.Release|Win32.Build.0 = Release|Win32
		{7A2DFC3D-516A-471D-A215-BD40E5E5AD9A}.Debug|Win32.ActiveCfg = Debug|Win32
		{7A2DFC3D-516A-471D-A215-BD40E5E5AD9A}.Debug|Win32.Build.0 = Debug|Win32
		{7A2DFC3D-516A-471D-A215-BD40E5E5AD9A}.Release|Win32.ActiveCfg = Release|Win32
		{7A2DFC3D-516A-471D-A215-BD40E5E5AD9A}.Release|Win32.Build.0 = Release|Win32
		{5B267A7F-D9DF-4B2E-B3E7-73A4EF0F1A36}.Debug|Win32.ActiveCfg = Debug|Win32
		{5B267A7F-D9DF-4B2E-B3E7-73A4EF0F1A36}.Debug|Win32.Build.0 = Debug|Win32
		{5B267A7F-D9DF-4B2E-B3E7-73A4EF0F1A36}.Release|Win32.ActiveCfg = Release|Win32
		{5B267A7F-D9DF-4B2E-B3E7-73A4EF0F1A36}.Release|Win32.Build.0 = Release|Win32
		{BAA85EB9-BE33-45FB-B552-0AB3AC4D9CA9}.Debug|Win32.ActiveCfg = Debug|Win32
		{BAA85EB9-BE33-45FB-B552-0AB3AC4D9CA9}.Debug|Win32.Build.0 = Debug|Win32
		{BAA85EB9-BE33-45FB-B552-0AB3AC4D9CA9}.Release|Win32.ActiveCfg = Release|Win32
		{BAA85EB9-BE33-45FB-B552-0AB3AC4D9CA9}.Release|Win32.Build.0 = Release|Win32
		{987306EC-6BAD-4440-B4FB-A699A1EE6A28}.Debug|Win32.ActiveCfg = Debug|Win32
		{987306EC-6BAD-4440-B4FB-A699A1EE6A28}.Debug|Win32.Build.0 = Debug|Win32
		{987306EC-6BAD-4440-B4FB-A699A1EE6A28}.Release|Win32.ActiveCfg = Release|Win32
		{87AB87DB-B665-4621-A67B-878C15B93FF0}.Debug|Win32.ActiveCfg = Debug|Win32
		{87AB87DB-B665-4621-A67B-878C15B93FF0}.Debug|Win32.Build.0 = Debug|Win32
		{87AB87DB-B665-4621-A67B-878C15B93FF0}.Release|Win32.ActiveCfg = Debug|Win32
		{2AB2AC43-1B73-40B1-8964-95B3FC3F15ED}.Debug|Win32.ActiveCfg = Debug|Win32
		{2AB2AC43-1B73-40B1-8964-95B3FC3F15ED}.Debug|Win32.Build.0 = Debug|Win32
		{2AB2AC43-1B73-40B1-8964-95B3FC3F15ED}.Release|Win32.ActiveCfg = Debug|Win32
	EndGlobalSection
	GlobalSection(SolutionProperties) = preSolution
		HideSolutionNode = FALSE
	EndGlobalSection
EndGlobal
