// !$*UTF8*$!
{
	archiveVersion = 1;
	classes = {
	};
	objectVersion = 45;
	objects = {

/* Begin PBXBuildFile section */
		63A6FE8C0FB1F7AF00C38E72 /* Foundation.framework in Frameworks */ = {isa = PBXBuildFile; fileRef = 1D30AB110D05D00D00671497 /* Foundation.framework */; };
		63A6FE930FB1F7DF00C38E72 /* FTVectoriser.cpp in Sources */ = {isa = PBXBuildFile; fileRef = 63A6FA3C0FB1DBDC00C38E72 /* FTVectoriser.cpp */; };
		63A6FE940FB1F7DF00C38E72 /* FTBuffer.cpp in Sources */ = {isa = PBXBuildFile; fileRef = 6382AAE90FB0F19400ECAC02 /* FTBuffer.cpp */; };
		63A6FE950FB1F7DF00C38E72 /* FTCharmap.cpp in Sources */ = {isa = PBXBuildFile; fileRef = 6382AAEA0FB0F19400ECAC02 /* FTCharmap.cpp */; };
		63A6FE960FB1F7DF00C38E72 /* FTContour.cpp in Sources */ = {isa = PBXBuildFile; fileRef = 6382AAED0FB0F19400ECAC02 /* FTContour.cpp */; };
		63A6FE970FB1F7DF00C38E72 /* FTFace.cpp in Sources */ = {isa = PBXBuildFile; fileRef = 6382AAEF0FB0F19400ECAC02 /* FTFace.cpp */; };
		63A6FE980FB1F7DF00C38E72 /* FTOutlineGlyph.cpp in Sources */ = {isa = PBXBuildFile; fileRef = 63A6FA180FB1D96100C38E72 /* FTOutlineGlyph.cpp */; };
		63A6FE990FB1F7DF00C38E72 /* FTTextureGlyph.cpp in Sources */ = {isa = PBXBuildFile; fileRef = 6382AB440FB0F29500ECAC02 /* FTTextureGlyph.cpp */; };
		63A6FE9A0FB1F7DF00C38E72 /* FTBitmapGlyph.cpp in Sources */ = {isa = PBXBuildFile; fileRef = 6382AAF20FB0F19400ECAC02 /* FTBitmapGlyph.cpp */; };
		63A6FE9B0FB1F7DF00C38E72 /* FTBufferGlyph.cpp in Sources */ = {isa = PBXBuildFile; fileRef = 6382AAF40FB0F19400ECAC02 /* FTBufferGlyph.cpp */; };
		63A6FE9C0FB1F7DF00C38E72 /* FTGlyph.cpp in Sources */ = {isa = PBXBuildFile; fileRef = 6382AAF80FB0F19400ECAC02 /* FTGlyph.cpp */; };
		63A6FE9D0FB1F7DF00C38E72 /* FTGlyphGlue.cpp in Sources */ = {isa = PBXBuildFile; fileRef = 6382AAF90FB0F19400ECAC02 /* FTGlyphGlue.cpp */; };
		63A6FE9E0FB1F7DF00C38E72 /* FTGlyphContainer.cpp in Sources */ = {isa = PBXBuildFile; fileRef = 6382AB030FB0F19400ECAC02 /* FTGlyphContainer.cpp */; };
		63A6FE9F0FB1F7DF00C38E72 /* FTLayout.cpp in Sources */ = {isa = PBXBuildFile; fileRef = 6382AB070FB0F19400ECAC02 /* FTLayout.cpp */; };
		63A6FEA00FB1F7DF00C38E72 /* FTLayoutGlue.cpp in Sources */ = {isa = PBXBuildFile; fileRef = 6382AB080FB0F19400ECAC02 /* FTLayoutGlue.cpp */; };
		63A6FEA10FB1F7DF00C38E72 /* FTSimpleLayout.cpp in Sources */ = {isa = PBXBuildFile; fileRef = 6382AB0A0FB0F19400ECAC02 /* FTSimpleLayout.cpp */; };
		63A6FEA20FB1F7DF00C38E72 /* FTLibrary.cpp in Sources */ = {isa = PBXBuildFile; fileRef = 6382AB0C0FB0F19400ECAC02 /* FTLibrary.cpp */; };
		63A6FEA30FB1F7DF00C38E72 /* FTPoint.cpp in Sources */ = {isa = PBXBuildFile; fileRef = 6382AB0F0FB0F19400ECAC02 /* FTPoint.cpp */; };
		63A6FEA40FB1F7DF00C38E72 /* FTSize.cpp in Sources */ = {isa = PBXBuildFile; fileRef = 6382AB100FB0F19400ECAC02 /* FTSize.cpp */; };
		63A6FEA50FB1F7DF00C38E72 /* FTOutlineFont.cpp in Sources */ = {isa = PBXBuildFile; fileRef = 63A6FA1B0FB1D96E00C38E72 /* FTOutlineFont.cpp */; };
		63A6FEA60FB1F7DF00C38E72 /* FTBitmapFont.cpp in Sources */ = {isa = PBXBuildFile; fileRef = 6382B5F80FB1063200ECAC02 /* FTBitmapFont.cpp */; };
		63A6FEA70FB1F7DF00C38E72 /* FTTextureFont.cpp in Sources */ = {isa = PBXBuildFile; fileRef = 6382AB470FB0F2A000ECAC02 /* FTTextureFont.cpp */; };
		63A6FEA80FB1F7DF00C38E72 /* FTBufferFont.cpp in Sources */ = {isa = PBXBuildFile; fileRef = 6382AACD0FB0F16400ECAC02 /* FTBufferFont.cpp */; };
		63A6FEA90FB1F7DF00C38E72 /* FTFont.cpp in Sources */ = {isa = PBXBuildFile; fileRef = 6382AAD10FB0F16400ECAC02 /* FTFont.cpp */; };
		63A6FEAA0FB1F7DF00C38E72 /* FTFontGlue.cpp in Sources */ = {isa = PBXBuildFile; fileRef = 6382AAD20FB0F16400ECAC02 /* FTFontGlue.cpp */; };
		63BA7ABC10A1DC5C0023F917 /* ftglesGlue.cpp in Sources */ = {isa = PBXBuildFile; fileRef = 63BA7ABB10A1DC5C0023F917 /* ftglesGlue.cpp */; };
		E431F799112E8CE100E393A2 /* libFreetype2.a in Frameworks */ = {isa = PBXBuildFile; fileRef = E431F798112E8CDA00E393A2 /* libFreetype2.a */; };
		E4D14580112E5EAA00CAD4E4 /* FTPolygonGlyph.cpp in Sources */ = {isa = PBXBuildFile; fileRef = E4D1457E112E5EAA00CAD4E4 /* FTPolygonGlyph.cpp */; };
		E4D14581112E5EAA00CAD4E4 /* FTPolygonGlyphImpl.h in Headers */ = {isa = PBXBuildFile; fileRef = E4D1457F112E5EAA00CAD4E4 /* FTPolygonGlyphImpl.h */; };
		E4D14584112E5EBB00CAD4E4 /* FTPolygonFont.cpp in Sources */ = {isa = PBXBuildFile; fileRef = E4D14582112E5EBB00CAD4E4 /* FTPolygonFont.cpp */; };
		E4D14585112E5EBB00CAD4E4 /* FTPolygonFontImpl.h in Headers */ = {isa = PBXBuildFile; fileRef = E4D14583112E5EBB00CAD4E4 /* FTPolygonFontImpl.h */; };
		E4D14612112E70E700CAD4E4 /* dict-list.h in Headers */ = {isa = PBXBuildFile; fileRef = E4D145F9112E70E600CAD4E4 /* dict-list.h */; };
		E4D14613112E70E700CAD4E4 /* dict.c in Sources */ = {isa = PBXBuildFile; fileRef = E4D145FA112E70E600CAD4E4 /* dict.c */; };
		E4D14614112E70E700CAD4E4 /* dict.h in Headers */ = {isa = PBXBuildFile; fileRef = E4D145FB112E70E600CAD4E4 /* dict.h */; };
		E4D14615112E70E700CAD4E4 /* geom.c in Sources */ = {isa = PBXBuildFile; fileRef = E4D145FC112E70E600CAD4E4 /* geom.c */; };
		E4D14616112E70E700CAD4E4 /* geom.h in Headers */ = {isa = PBXBuildFile; fileRef = E4D145FD112E70E600CAD4E4 /* geom.h */; };
		E4D14617112E70E700CAD4E4 /* memalloc.c in Sources */ = {isa = PBXBuildFile; fileRef = E4D145FE112E70E600CAD4E4 /* memalloc.c */; };
		E4D14618112E70E700CAD4E4 /* memalloc.h in Headers */ = {isa = PBXBuildFile; fileRef = E4D145FF112E70E600CAD4E4 /* memalloc.h */; };
		E4D14619112E70E700CAD4E4 /* mesh.c in Sources */ = {isa = PBXBuildFile; fileRef = E4D14600112E70E600CAD4E4 /* mesh.c */; };
		E4D1461A112E70E700CAD4E4 /* mesh.h in Headers */ = {isa = PBXBuildFile; fileRef = E4D14601112E70E600CAD4E4 /* mesh.h */; };
		E4D1461B112E70E700CAD4E4 /* normal.c in Sources */ = {isa = PBXBuildFile; fileRef = E4D14602112E70E600CAD4E4 /* normal.c */; };
		E4D1461C112E70E700CAD4E4 /* normal.h in Headers */ = {isa = PBXBuildFile; fileRef = E4D14603112E70E600CAD4E4 /* normal.h */; };
		E4D14620112E70E700CAD4E4 /* priorityq.c in Sources */ = {isa = PBXBuildFile; fileRef = E4D14607112E70E600CAD4E4 /* priorityq.c */; };
		E4D14621112E70E700CAD4E4 /* priorityq.h in Headers */ = {isa = PBXBuildFile; fileRef = E4D14608112E70E600CAD4E4 /* priorityq.h */; };
		E4D14622112E70E700CAD4E4 /* render.c in Sources */ = {isa = PBXBuildFile; fileRef = E4D1460A112E70E700CAD4E4 /* render.c */; };
		E4D14623112E70E700CAD4E4 /* render.h in Headers */ = {isa = PBXBuildFile; fileRef = E4D1460B112E70E700CAD4E4 /* render.h */; };
		E4D14624112E70E700CAD4E4 /* sweep.c in Sources */ = {isa = PBXBuildFile; fileRef = E4D1460C112E70E700CAD4E4 /* sweep.c */; };
		E4D14625112E70E700CAD4E4 /* sweep.h in Headers */ = {isa = PBXBuildFile; fileRef = E4D1460D112E70E700CAD4E4 /* sweep.h */; };
		E4D14626112E70E700CAD4E4 /* tess.c in Sources */ = {isa = PBXBuildFile; fileRef = E4D1460E112E70E700CAD4E4 /* tess.c */; };
		E4D14627112E70E700CAD4E4 /* tess.h in Headers */ = {isa = PBXBuildFile; fileRef = E4D1460F112E70E700CAD4E4 /* tess.h */; };
		E4D14628112E70E700CAD4E4 /* tessmono.c in Sources */ = {isa = PBXBuildFile; fileRef = E4D14610112E70E700CAD4E4 /* tessmono.c */; };
		E4D14629112E70E700CAD4E4 /* tessmono.h in Headers */ = {isa = PBXBuildFile; fileRef = E4D14611112E70E700CAD4E4 /* tessmono.h */; };
		E4D14630112E710100CAD4E4 /* error.c in Sources */ = {isa = PBXBuildFile; fileRef = E4D1462B112E710100CAD4E4 /* error.c */; };
		E4D14631112E710100CAD4E4 /* glue.c in Sources */ = {isa = PBXBuildFile; fileRef = E4D1462C112E710100CAD4E4 /* glue.c */; };
		E4D14632112E710100CAD4E4 /* gluint.h in Headers */ = {isa = PBXBuildFile; fileRef = E4D1462D112E710100CAD4E4 /* gluint.h */; };
		E4D14633112E710100CAD4E4 /* project.c in Sources */ = {isa = PBXBuildFile; fileRef = E4D1462E112E710100CAD4E4 /* project.c */; };
		E4D14634112E710100CAD4E4 /* registry.c in Sources */ = {isa = PBXBuildFile; fileRef = E4D1462F112E710100CAD4E4 /* registry.c */; };
		E4D1484A112E8AAB00CAD4E4 /* glu.h in Headers */ = {isa = PBXBuildFile; fileRef = E4D14848112E8AAB00CAD4E4 /* glu.h */; };
		E4D1484B112E8AAB00CAD4E4 /* gluos.h in Headers */ = {isa = PBXBuildFile; fileRef = E4D14849112E8AAB00CAD4E4 /* gluos.h */; };
		E4FC75DF117599BA001ED907 /* FTPixmapGlyph.cpp in Sources */ = {isa = PBXBuildFile; fileRef = E4FC75DD117599BA001ED907 /* FTPixmapGlyph.cpp */; };
		E4FC75E0117599BA001ED907 /* FTPixmapGlyphImpl.h in Headers */ = {isa = PBXBuildFile; fileRef = E4FC75DE117599BA001ED907 /* FTPixmapGlyphImpl.h */; };
		E4FC75E3117599C6001ED907 /* FTPixmapFont.cpp in Sources */ = {isa = PBXBuildFile; fileRef = E4FC75E1117599C6001ED907 /* FTPixmapFont.cpp */; };
		E4FC75E4117599C6001ED907 /* FTPixmapFontImpl.h in Headers */ = {isa = PBXBuildFile; fileRef = E4FC75E2117599C6001ED907 /* FTPixmapFontImpl.h */; };
		E4FC75E6117599D0001ED907 /* FTPixmapGlyph.h in Headers */ = {isa = PBXBuildFile; fileRef = E4FC75E5117599D0001ED907 /* FTPixmapGlyph.h */; };
/* End PBXBuildFile section */

/* Begin PBXContainerItemProxy section */
		E431F797112E8CDA00E393A2 /* PBXContainerItemProxy */ = {
			isa = PBXContainerItemProxy;
			containerPortal = E431F793112E8CDA00E393A2 /* freetype2.xcodeproj */;
			proxyType = 2;
			remoteGlobalIDString = 6382B1B10FB0FC5100ECAC02;
			remoteInfo = Freetype2;
		};
		E431F79A112E8CEE00E393A2 /* PBXContainerItemProxy */ = {
			isa = PBXContainerItemProxy;
			containerPortal = E431F793112E8CDA00E393A2 /* freetype2.xcodeproj */;
			proxyType = 1;
			remoteGlobalIDString = 6382B1B00FB0FC5100ECAC02;
			remoteInfo = Freetype2;
		};
/* End PBXContainerItemProxy section */

/* Begin PBXFileReference section */
		1D30AB110D05D00D00671497 /* Foundation.framework */ = {isa = PBXFileReference; lastKnownFileType = wrapper.framework; name = Foundation.framework; path = System/Library/Frameworks/Foundation.framework; sourceTree = SDKROOT; };
		2D500B920D5A79C200DBA0E3 /* OpenGLES.framework */ = {isa = PBXFileReference; lastKnownFileType = wrapper.framework; name = OpenGLES.framework; path = System/Library/Frameworks/OpenGLES.framework; sourceTree = SDKROOT; };
		2D500B990D5A79CF00DBA0E3 /* QuartzCore.framework */ = {isa = PBXFileReference; lastKnownFileType = wrapper.framework; name = QuartzCore.framework; path = System/Library/Frameworks/QuartzCore.framework; sourceTree = SDKROOT; };
		6382AACD0FB0F16400ECAC02 /* FTBufferFont.cpp */ = {isa = PBXFileReference; fileEncoding = 4; lastKnownFileType = sourcecode.cpp.cpp; path = FTBufferFont.cpp; sourceTree = "<group>"; };
		6382AACE0FB0F16400ECAC02 /* FTBufferFontImpl.h */ = {isa = PBXFileReference; fileEncoding = 4; lastKnownFileType = sourcecode.c.h; path = FTBufferFontImpl.h; sourceTree = "<group>"; };
		6382AAD10FB0F16400ECAC02 /* FTFont.cpp */ = {isa = PBXFileReference; fileEncoding = 4; lastKnownFileType = sourcecode.cpp.cpp; path = FTFont.cpp; sourceTree = "<group>"; };
		6382AAD20FB0F16400ECAC02 /* FTFontGlue.cpp */ = {isa = PBXFileReference; fileEncoding = 4; lastKnownFileType = sourcecode.cpp.cpp; path = FTFontGlue.cpp; sourceTree = "<group>"; };
		6382AAD30FB0F16400ECAC02 /* FTFontImpl.h */ = {isa = PBXFileReference; fileEncoding = 4; lastKnownFileType = sourcecode.c.h; path = FTFontImpl.h; sourceTree = "<group>"; };
		6382AAE90FB0F19400ECAC02 /* FTBuffer.cpp */ = {isa = PBXFileReference; fileEncoding = 4; lastKnownFileType = sourcecode.cpp.cpp; path = FTBuffer.cpp; sourceTree = "<group>"; };
		6382AAEA0FB0F19400ECAC02 /* FTCharmap.cpp */ = {isa = PBXFileReference; fileEncoding = 4; lastKnownFileType = sourcecode.cpp.cpp; path = FTCharmap.cpp; sourceTree = "<group>"; };
		6382AAEB0FB0F19400ECAC02 /* FTCharmap.h */ = {isa = PBXFileReference; fileEncoding = 4; lastKnownFileType = sourcecode.c.h; path = FTCharmap.h; sourceTree = "<group>"; };
		6382AAEC0FB0F19400ECAC02 /* FTCharToGlyphIndexMap.h */ = {isa = PBXFileReference; fileEncoding = 4; lastKnownFileType = sourcecode.c.h; path = FTCharToGlyphIndexMap.h; sourceTree = "<group>"; };
		6382AAED0FB0F19400ECAC02 /* FTContour.cpp */ = {isa = PBXFileReference; fileEncoding = 4; lastKnownFileType = sourcecode.cpp.cpp; path = FTContour.cpp; sourceTree = "<group>"; };
		6382AAEE0FB0F19400ECAC02 /* FTContour.h */ = {isa = PBXFileReference; fileEncoding = 4; lastKnownFileType = sourcecode.c.h; path = FTContour.h; sourceTree = "<group>"; };
		6382AAEF0FB0F19400ECAC02 /* FTFace.cpp */ = {isa = PBXFileReference; fileEncoding = 4; lastKnownFileType = sourcecode.cpp.cpp; path = FTFace.cpp; sourceTree = "<group>"; };
		6382AAF00FB0F19400ECAC02 /* FTFace.h */ = {isa = PBXFileReference; fileEncoding = 4; lastKnownFileType = sourcecode.c.h; path = FTFace.h; sourceTree = "<group>"; };
		6382AAF20FB0F19400ECAC02 /* FTBitmapGlyph.cpp */ = {isa = PBXFileReference; fileEncoding = 4; lastKnownFileType = sourcecode.cpp.cpp; path = FTBitmapGlyph.cpp; sourceTree = "<group>"; };
		6382AAF30FB0F19400ECAC02 /* FTBitmapGlyphImpl.h */ = {isa = PBXFileReference; fileEncoding = 4; lastKnownFileType = sourcecode.c.h; path = FTBitmapGlyphImpl.h; sourceTree = "<group>"; };
		6382AAF40FB0F19400ECAC02 /* FTBufferGlyph.cpp */ = {isa = PBXFileReference; fileEncoding = 4; lastKnownFileType = sourcecode.cpp.cpp; path = FTBufferGlyph.cpp; sourceTree = "<group>"; };
		6382AAF50FB0F19400ECAC02 /* FTBufferGlyphImpl.h */ = {isa = PBXFileReference; fileEncoding = 4; lastKnownFileType = sourcecode.c.h; path = FTBufferGlyphImpl.h; sourceTree = "<group>"; };
		6382AAF80FB0F19400ECAC02 /* FTGlyph.cpp */ = {isa = PBXFileReference; fileEncoding = 4; lastKnownFileType = sourcecode.cpp.cpp; path = FTGlyph.cpp; sourceTree = "<group>"; };
		6382AAF90FB0F19400ECAC02 /* FTGlyphGlue.cpp */ = {isa = PBXFileReference; fileEncoding = 4; lastKnownFileType = sourcecode.cpp.cpp; path = FTGlyphGlue.cpp; sourceTree = "<group>"; };
		6382AAFA0FB0F19400ECAC02 /* FTGlyphImpl.h */ = {isa = PBXFileReference; fileEncoding = 4; lastKnownFileType = sourcecode.c.h; path = FTGlyphImpl.h; sourceTree = "<group>"; };
		6382AB030FB0F19400ECAC02 /* FTGlyphContainer.cpp */ = {isa = PBXFileReference; fileEncoding = 4; lastKnownFileType = sourcecode.cpp.cpp; path = FTGlyphContainer.cpp; sourceTree = "<group>"; };
		6382AB040FB0F19400ECAC02 /* FTGlyphContainer.h */ = {isa = PBXFileReference; fileEncoding = 4; lastKnownFileType = sourcecode.c.h; path = FTGlyphContainer.h; sourceTree = "<group>"; };
		6382AB050FB0F19400ECAC02 /* FTInternals.h */ = {isa = PBXFileReference; fileEncoding = 4; lastKnownFileType = sourcecode.c.h; path = FTInternals.h; sourceTree = "<group>"; };
		6382AB070FB0F19400ECAC02 /* FTLayout.cpp */ = {isa = PBXFileReference; fileEncoding = 4; lastKnownFileType = sourcecode.cpp.cpp; path = FTLayout.cpp; sourceTree = "<group>"; };
		6382AB080FB0F19400ECAC02 /* FTLayoutGlue.cpp */ = {isa = PBXFileReference; fileEncoding = 4; lastKnownFileType = sourcecode.cpp.cpp; path = FTLayoutGlue.cpp; sourceTree = "<group>"; };
		6382AB090FB0F19400ECAC02 /* FTLayoutImpl.h */ = {isa = PBXFileReference; fileEncoding = 4; lastKnownFileType = sourcecode.c.h; path = FTLayoutImpl.h; sourceTree = "<group>"; };
		6382AB0A0FB0F19400ECAC02 /* FTSimpleLayout.cpp */ = {isa = PBXFileReference; fileEncoding = 4; lastKnownFileType = sourcecode.cpp.cpp; path = FTSimpleLayout.cpp; sourceTree = "<group>"; };
		6382AB0B0FB0F19400ECAC02 /* FTSimpleLayoutImpl.h */ = {isa = PBXFileReference; fileEncoding = 4; lastKnownFileType = sourcecode.c.h; path = FTSimpleLayoutImpl.h; sourceTree = "<group>"; };
		6382AB0C0FB0F19400ECAC02 /* FTLibrary.cpp */ = {isa = PBXFileReference; fileEncoding = 4; lastKnownFileType = sourcecode.cpp.cpp; path = FTLibrary.cpp; sourceTree = "<group>"; };
		6382AB0D0FB0F19400ECAC02 /* FTLibrary.h */ = {isa = PBXFileReference; fileEncoding = 4; lastKnownFileType = sourcecode.c.h; path = FTLibrary.h; sourceTree = "<group>"; };
		6382AB0E0FB0F19400ECAC02 /* FTList.h */ = {isa = PBXFileReference; fileEncoding = 4; lastKnownFileType = sourcecode.c.h; path = FTList.h; sourceTree = "<group>"; };
		6382AB0F0FB0F19400ECAC02 /* FTPoint.cpp */ = {isa = PBXFileReference; fileEncoding = 4; lastKnownFileType = sourcecode.cpp.cpp; path = FTPoint.cpp; sourceTree = "<group>"; };
		6382AB100FB0F19400ECAC02 /* FTSize.cpp */ = {isa = PBXFileReference; fileEncoding = 4; lastKnownFileType = sourcecode.cpp.cpp; path = FTSize.cpp; sourceTree = "<group>"; };
		6382AB110FB0F19400ECAC02 /* FTSize.h */ = {isa = PBXFileReference; fileEncoding = 4; lastKnownFileType = sourcecode.c.h; path = FTSize.h; sourceTree = "<group>"; };
		6382AB120FB0F19400ECAC02 /* FTUnicode.h */ = {isa = PBXFileReference; fileEncoding = 4; lastKnownFileType = sourcecode.c.h; path = FTUnicode.h; sourceTree = "<group>"; };
		6382AB130FB0F19400ECAC02 /* FTVector.h */ = {isa = PBXFileReference; fileEncoding = 4; lastKnownFileType = sourcecode.c.h; path = FTVector.h; sourceTree = "<group>"; };
		6382AB300FB0F1C000ECAC02 /* FTBufferFont.h */ = {isa = PBXFileReference; fileEncoding = 4; lastKnownFileType = sourcecode.c.h; path = FTBufferFont.h; sourceTree = "<group>"; };
		6382AB330FB0F1C000ECAC02 /* FTGLOutlineFont.h */ = {isa = PBXFileReference; fileEncoding = 4; lastKnownFileType = sourcecode.c.h; path = FTGLOutlineFont.h; sourceTree = "<group>"; };
		6382AB340FB0F1C000ECAC02 /* FTGLPixmapFont.h */ = {isa = PBXFileReference; fileEncoding = 4; lastKnownFileType = sourcecode.c.h; path = FTGLPixmapFont.h; sourceTree = "<group>"; };
		6382AB350FB0F1C000ECAC02 /* FTGLPolygonFont.h */ = {isa = PBXFileReference; fileEncoding = 4; lastKnownFileType = sourcecode.c.h; path = FTGLPolygonFont.h; sourceTree = "<group>"; };
		6382AB440FB0F29500ECAC02 /* FTTextureGlyph.cpp */ = {isa = PBXFileReference; fileEncoding = 4; lastKnownFileType = sourcecode.cpp.cpp; path = FTTextureGlyph.cpp; sourceTree = "<group>"; };
		6382AB450FB0F29500ECAC02 /* FTTextureGlyphImpl.h */ = {isa = PBXFileReference; fileEncoding = 4; lastKnownFileType = sourcecode.c.h; path = FTTextureGlyphImpl.h; sourceTree = "<group>"; };
		6382AB470FB0F2A000ECAC02 /* FTTextureFont.cpp */ = {isa = PBXFileReference; fileEncoding = 4; lastKnownFileType = sourcecode.cpp.cpp; path = FTTextureFont.cpp; sourceTree = "<group>"; };
		6382AB480FB0F2A000ECAC02 /* FTTextureFontImpl.h */ = {isa = PBXFileReference; fileEncoding = 4; lastKnownFileType = sourcecode.c.h; path = FTTextureFontImpl.h; sourceTree = "<group>"; };
		6382AB4A0FB0F2AD00ECAC02 /* FTTextureGlyph.h */ = {isa = PBXFileReference; fileEncoding = 4; lastKnownFileType = sourcecode.c.h; path = FTTextureGlyph.h; sourceTree = "<group>"; };
		6382B5F80FB1063200ECAC02 /* FTBitmapFont.cpp */ = {isa = PBXFileReference; fileEncoding = 4; lastKnownFileType = sourcecode.cpp.cpp; path = FTBitmapFont.cpp; sourceTree = "<group>"; };
		6382B5F90FB1063200ECAC02 /* FTBitmapFontImpl.h */ = {isa = PBXFileReference; fileEncoding = 4; lastKnownFileType = sourcecode.c.h; path = FTBitmapFontImpl.h; sourceTree = "<group>"; };
		63A6FA170FB1D96100C38E72 /* FTOutlineGlyphImpl.h */ = {isa = PBXFileReference; fileEncoding = 4; lastKnownFileType = sourcecode.c.h; path = FTOutlineGlyphImpl.h; sourceTree = "<group>"; };
		63A6FA180FB1D96100C38E72 /* FTOutlineGlyph.cpp */ = {isa = PBXFileReference; fileEncoding = 4; lastKnownFileType = sourcecode.cpp.cpp; path = FTOutlineGlyph.cpp; sourceTree = "<group>"; };
		63A6FA1A0FB1D96E00C38E72 /* FTOutlineFontImpl.h */ = {isa = PBXFileReference; fileEncoding = 4; lastKnownFileType = sourcecode.c.h; path = FTOutlineFontImpl.h; sourceTree = "<group>"; };
		63A6FA1B0FB1D96E00C38E72 /* FTOutlineFont.cpp */ = {isa = PBXFileReference; fileEncoding = 4; lastKnownFileType = sourcecode.cpp.cpp; path = FTOutlineFont.cpp; sourceTree = "<group>"; };
		63A6FA3B0FB1DBDC00C38E72 /* FTVectoriser.h */ = {isa = PBXFileReference; fileEncoding = 4; lastKnownFileType = sourcecode.c.h; path = FTVectoriser.h; sourceTree = "<group>"; };
		63A6FA3C0FB1DBDC00C38E72 /* FTVectoriser.cpp */ = {isa = PBXFileReference; fileEncoding = 4; lastKnownFileType = sourcecode.cpp.cpp; path = FTVectoriser.cpp; sourceTree = "<group>"; };
		63A6FE900FB1F7AF00C38E72 /* libFTGLES.a */ = {isa = PBXFileReference; explicitFileType = archive.ar; includeInIndex = 0; path = libFTGLES.a; sourceTree = BUILT_PRODUCTS_DIR; };
		63AD91AA0FAA140E00A79D15 /* config.h */ = {isa = PBXFileReference; fileEncoding = 4; lastKnownFileType = sourcecode.c.h; path = config.h; sourceTree = "<group>"; };
		63AD934B0FAA1AE100A79D15 /* FTBBox.h */ = {isa = PBXFileReference; fileEncoding = 4; lastKnownFileType = sourcecode.c.h; path = FTBBox.h; sourceTree = "<group>"; };
		63AD934C0FAA1AE100A79D15 /* FTBitmapGlyph.h */ = {isa = PBXFileReference; fileEncoding = 4; lastKnownFileType = sourcecode.c.h; path = FTBitmapGlyph.h; sourceTree = "<group>"; };
		63AD934D0FAA1AE100A79D15 /* FTBuffer.h */ = {isa = PBXFileReference; fileEncoding = 4; lastKnownFileType = sourcecode.c.h; path = FTBuffer.h; sourceTree = "<group>"; };
		63AD934F0FAA1AE100A79D15 /* FTBufferGlyph.h */ = {isa = PBXFileReference; fileEncoding = 4; lastKnownFileType = sourcecode.c.h; path = FTBufferGlyph.h; sourceTree = "<group>"; };
		63AD93510FAA1AE100A79D15 /* FTFont.h */ = {isa = PBXFileReference; fileEncoding = 4; lastKnownFileType = sourcecode.c.h; path = FTFont.h; sourceTree = "<group>"; };
		63AD93520FAA1AE100A79D15 /* FTGLBitmapFont.h */ = {isa = PBXFileReference; fileEncoding = 4; lastKnownFileType = sourcecode.c.h; path = FTGLBitmapFont.h; sourceTree = "<group>"; };
		63AD93530FAA1AE100A79D15 /* ftgles.h */ = {isa = PBXFileReference; fileEncoding = 4; lastKnownFileType = sourcecode.c.h; path = ftgles.h; sourceTree = "<group>"; };
		63AD93580FAA1AE100A79D15 /* FTGLTextureFont.h */ = {isa = PBXFileReference; fileEncoding = 4; lastKnownFileType = sourcecode.c.h; path = FTGLTextureFont.h; sourceTree = "<group>"; };
		63AD93590FAA1AE100A79D15 /* FTGlyph.h */ = {isa = PBXFileReference; fileEncoding = 4; lastKnownFileType = sourcecode.c.h; path = FTGlyph.h; sourceTree = "<group>"; };
		63AD935A0FAA1AE100A79D15 /* FTLayout.h */ = {isa = PBXFileReference; fileEncoding = 4; lastKnownFileType = sourcecode.c.h; path = FTLayout.h; sourceTree = "<group>"; };
		63AD935D0FAA1AE100A79D15 /* FTPoint.h */ = {isa = PBXFileReference; fileEncoding = 4; lastKnownFileType = sourcecode.c.h; path = FTPoint.h; sourceTree = "<group>"; };
		63AD935F0FAA1AE100A79D15 /* FTSimpleLayout.h */ = {isa = PBXFileReference; fileEncoding = 4; lastKnownFileType = sourcecode.c.h; path = FTSimpleLayout.h; sourceTree = "<group>"; };
		63AD97DC0FAA2A9F00A79D15 /* CoreGraphics.framework */ = {isa = PBXFileReference; lastKnownFileType = wrapper.framework; name = CoreGraphics.framework; path = System/Library/Frameworks/CoreGraphics.framework; sourceTree = SDKROOT; };
		63BA7ABA10A1DA040023F917 /* ftglesGlue.h */ = {isa = PBXFileReference; fileEncoding = 4; lastKnownFileType = sourcecode.c.h; path = ftglesGlue.h; sourceTree = "<group>"; };
		63BA7ABB10A1DC5C0023F917 /* ftglesGlue.cpp */ = {isa = PBXFileReference; fileEncoding = 4; lastKnownFileType = sourcecode.cpp.cpp; path = ftglesGlue.cpp; sourceTree = "<group>"; };
		63BA7CB110A1EC6F0023F917 /* AUTHORS */ = {isa = PBXFileReference; fileEncoding = 4; lastKnownFileType = text; path = AUTHORS; sourceTree = "<group>"; };
		E431F793112E8CDA00E393A2 /* freetype2.xcodeproj */ = {isa = PBXFileReference; lastKnownFileType = "wrapper.pb-project"; name = freetype2.xcodeproj; path = ../freetype2/freetype2.xcodeproj; sourceTree = SOURCE_ROOT; };
		E4D1457E112E5EAA00CAD4E4 /* FTPolygonGlyph.cpp */ = {isa = PBXFileReference; fileEncoding = 4; lastKnownFileType = sourcecode.cpp.cpp; path = FTPolygonGlyph.cpp; sourceTree = "<group>"; };
		E4D1457F112E5EAA00CAD4E4 /* FTPolygonGlyphImpl.h */ = {isa = PBXFileReference; fileEncoding = 4; lastKnownFileType = sourcecode.c.h; path = FTPolygonGlyphImpl.h; sourceTree = "<group>"; };
		E4D14582112E5EBB00CAD4E4 /* FTPolygonFont.cpp */ = {isa = PBXFileReference; fileEncoding = 4; lastKnownFileType = sourcecode.cpp.cpp; path = FTPolygonFont.cpp; sourceTree = "<group>"; };
		E4D14583112E5EBB00CAD4E4 /* FTPolygonFontImpl.h */ = {isa = PBXFileReference; fileEncoding = 4; lastKnownFileType = sourcecode.c.h; path = FTPolygonFontImpl.h; sourceTree = "<group>"; };
		E4D145F9112E70E600CAD4E4 /* dict-list.h */ = {isa = PBXFileReference; fileEncoding = 4; lastKnownFileType = sourcecode.c.h; path = "dict-list.h"; sourceTree = "<group>"; };
		E4D145FA112E70E600CAD4E4 /* dict.c */ = {isa = PBXFileReference; fileEncoding = 4; lastKnownFileType = sourcecode.c.c; path = dict.c; sourceTree = "<group>"; };
		E4D145FB112E70E600CAD4E4 /* dict.h */ = {isa = PBXFileReference; fileEncoding = 4; lastKnownFileType = sourcecode.c.h; path = dict.h; sourceTree = "<group>"; };
		E4D145FC112E70E600CAD4E4 /* geom.c */ = {isa = PBXFileReference; fileEncoding = 4; lastKnownFileType = sourcecode.c.c; path = geom.c; sourceTree = "<group>"; };
		E4D145FD112E70E600CAD4E4 /* geom.h */ = {isa = PBXFileReference; fileEncoding = 4; lastKnownFileType = sourcecode.c.h; path = geom.h; sourceTree = "<group>"; };
		E4D145FE112E70E600CAD4E4 /* memalloc.c */ = {isa = PBXFileReference; fileEncoding = 4; lastKnownFileType = sourcecode.c.c; path = memalloc.c; sourceTree = "<group>"; };
		E4D145FF112E70E600CAD4E4 /* memalloc.h */ = {isa = PBXFileReference; fileEncoding = 4; lastKnownFileType = sourcecode.c.h; path = memalloc.h; sourceTree = "<group>"; };
		E4D14600112E70E600CAD4E4 /* mesh.c */ = {isa = PBXFileReference; fileEncoding = 4; lastKnownFileType = sourcecode.c.c; path = mesh.c; sourceTree = "<group>"; };
		E4D14601112E70E600CAD4E4 /* mesh.h */ = {isa = PBXFileReference; fileEncoding = 4; lastKnownFileType = sourcecode.c.h; path = mesh.h; sourceTree = "<group>"; };
		E4D14602112E70E600CAD4E4 /* normal.c */ = {isa = PBXFileReference; fileEncoding = 4; lastKnownFileType = sourcecode.c.c; path = normal.c; sourceTree = "<group>"; };
		E4D14603112E70E600CAD4E4 /* normal.h */ = {isa = PBXFileReference; fileEncoding = 4; lastKnownFileType = sourcecode.c.h; path = normal.h; sourceTree = "<group>"; };
		E4D14607112E70E600CAD4E4 /* priorityq.c */ = {isa = PBXFileReference; fileEncoding = 4; lastKnownFileType = sourcecode.c.c; path = priorityq.c; sourceTree = "<group>"; };
		E4D14608112E70E600CAD4E4 /* priorityq.h */ = {isa = PBXFileReference; fileEncoding = 4; lastKnownFileType = sourcecode.c.h; path = priorityq.h; sourceTree = "<group>"; };
		E4D1460A112E70E700CAD4E4 /* render.c */ = {isa = PBXFileReference; fileEncoding = 4; lastKnownFileType = sourcecode.c.c; path = render.c; sourceTree = "<group>"; };
		E4D1460B112E70E700CAD4E4 /* render.h */ = {isa = PBXFileReference; fileEncoding = 4; lastKnownFileType = sourcecode.c.h; path = render.h; sourceTree = "<group>"; };
		E4D1460C112E70E700CAD4E4 /* sweep.c */ = {isa = PBXFileReference; fileEncoding = 4; lastKnownFileType = sourcecode.c.c; path = sweep.c; sourceTree = "<group>"; };
		E4D1460D112E70E700CAD4E4 /* sweep.h */ = {isa = PBXFileReference; fileEncoding = 4; lastKnownFileType = sourcecode.c.h; path = sweep.h; sourceTree = "<group>"; };
		E4D1460E112E70E700CAD4E4 /* tess.c */ = {isa = PBXFileReference; fileEncoding = 4; lastKnownFileType = sourcecode.c.c; path = tess.c; sourceTree = "<group>"; };
		E4D1460F112E70E700CAD4E4 /* tess.h */ = {isa = PBXFileReference; fileEncoding = 4; lastKnownFileType = sourcecode.c.h; path = tess.h; sourceTree = "<group>"; };
		E4D14610112E70E700CAD4E4 /* tessmono.c */ = {isa = PBXFileReference; fileEncoding = 4; lastKnownFileType = sourcecode.c.c; path = tessmono.c; sourceTree = "<group>"; };
		E4D14611112E70E700CAD4E4 /* tessmono.h */ = {isa = PBXFileReference; fileEncoding = 4; lastKnownFileType = sourcecode.c.h; path = tessmono.h; sourceTree = "<group>"; };
		E4D1462B112E710100CAD4E4 /* error.c */ = {isa = PBXFileReference; fileEncoding = 4; lastKnownFileType = sourcecode.c.c; path = error.c; sourceTree = "<group>"; };
		E4D1462C112E710100CAD4E4 /* glue.c */ = {isa = PBXFileReference; fileEncoding = 4; lastKnownFileType = sourcecode.c.c; path = glue.c; sourceTree = "<group>"; };
		E4D1462D112E710100CAD4E4 /* gluint.h */ = {isa = PBXFileReference; fileEncoding = 4; lastKnownFileType = sourcecode.c.h; path = gluint.h; sourceTree = "<group>"; };
		E4D1462E112E710100CAD4E4 /* project.c */ = {isa = PBXFileReference; fileEncoding = 4; lastKnownFileType = sourcecode.c.c; path = project.c; sourceTree = "<group>"; };
		E4D1462F112E710100CAD4E4 /* registry.c */ = {isa = PBXFileReference; fileEncoding = 4; lastKnownFileType = sourcecode.c.c; path = registry.c; sourceTree = "<group>"; };
		E4D14848112E8AAB00CAD4E4 /* glu.h */ = {isa = PBXFileReference; fileEncoding = 4; lastKnownFileType = sourcecode.c.h; path = glu.h; sourceTree = "<group>"; };
		E4D14849112E8AAB00CAD4E4 /* gluos.h */ = {isa = PBXFileReference; fileEncoding = 4; lastKnownFileType = sourcecode.c.h; path = gluos.h; sourceTree = "<group>"; };
		E4FC75DD117599BA001ED907 /* FTPixmapGlyph.cpp */ = {isa = PBXFileReference; fileEncoding = 4; lastKnownFileType = sourcecode.cpp.cpp; path = FTPixmapGlyph.cpp; sourceTree = "<group>"; };
		E4FC75DE117599BA001ED907 /* FTPixmapGlyphImpl.h */ = {isa = PBXFileReference; fileEncoding = 4; lastKnownFileType = sourcecode.c.h; path = FTPixmapGlyphImpl.h; sourceTree = "<group>"; };
		E4FC75E1117599C6001ED907 /* FTPixmapFont.cpp */ = {isa = PBXFileReference; fileEncoding = 4; lastKnownFileType = sourcecode.cpp.cpp; path = FTPixmapFont.cpp; sourceTree = "<group>"; };
		E4FC75E2117599C6001ED907 /* FTPixmapFontImpl.h */ = {isa = PBXFileReference; fileEncoding = 4; lastKnownFileType = sourcecode.c.h; path = FTPixmapFontImpl.h; sourceTree = "<group>"; };
		E4FC75E5117599D0001ED907 /* FTPixmapGlyph.h */ = {isa = PBXFileReference; fileEncoding = 4; lastKnownFileType = sourcecode.c.h; path = FTPixmapGlyph.h; sourceTree = "<group>"; };
/* End PBXFileReference section */

/* Begin PBXFrameworksBuildPhase section */
		63A6FE8B0FB1F7AF00C38E72 /* Frameworks */ = {
			isa = PBXFrameworksBuildPhase;
			buildActionMask = 2147483647;
			files = (
				E431F799112E8CE100E393A2 /* libFreetype2.a in Frameworks */,
				63A6FE8C0FB1F7AF00C38E72 /* Foundation.framework in Frameworks */,
			);
			runOnlyForDeploymentPostprocessing = 0;
		};
/* End PBXFrameworksBuildPhase section */

/* Begin PBXGroup section */
		19C28FACFE9D520D11CA2CBB /* Products */ = {
			isa = PBXGroup;
			children = (
				63A6FE900FB1F7AF00C38E72 /* libFTGLES.a */,
			);
			name = Products;
			sourceTree = "<group>";
		};
		29B97314FDCFA39411CA2CEA /* CustomTemplate */ = {
			isa = PBXGroup;
			children = (
				E431F77F112E8CCC00E393A2 /* freetype2 */,
				E431F77C112E8C1E00E393A2 /* ftgles */,
				29B97323FDCFA39411CA2CEA /* Frameworks */,
				19C28FACFE9D520D11CA2CBB /* Products */,
			);
			name = CustomTemplate;
			sourceTree = "<group>";
		};
		29B97323FDCFA39411CA2CEA /* Frameworks */ = {
			isa = PBXGroup;
			children = (
				63AD97DC0FAA2A9F00A79D15 /* CoreGraphics.framework */,
				2D500B990D5A79CF00DBA0E3 /* QuartzCore.framework */,
				2D500B920D5A79C200DBA0E3 /* OpenGLES.framework */,
				1D30AB110D05D00D00671497 /* Foundation.framework */,
			);
			name = Frameworks;
			sourceTree = "<group>";
		};
		6382AACA0FB0F16400ECAC02 /* FTFont */ = {
			isa = PBXGroup;
			children = (
				E4FC75E1117599C6001ED907 /* FTPixmapFont.cpp */,
				E4FC75E2117599C6001ED907 /* FTPixmapFontImpl.h */,
				E4D14582112E5EBB00CAD4E4 /* FTPolygonFont.cpp */,
				E4D14583112E5EBB00CAD4E4 /* FTPolygonFontImpl.h */,
				63A6FA1A0FB1D96E00C38E72 /* FTOutlineFontImpl.h */,
				63A6FA1B0FB1D96E00C38E72 /* FTOutlineFont.cpp */,
				6382B5F80FB1063200ECAC02 /* FTBitmapFont.cpp */,
				6382B5F90FB1063200ECAC02 /* FTBitmapFontImpl.h */,
				6382AB470FB0F2A000ECAC02 /* FTTextureFont.cpp */,
				6382AB480FB0F2A000ECAC02 /* FTTextureFontImpl.h */,
				6382AACD0FB0F16400ECAC02 /* FTBufferFont.cpp */,
				6382AACE0FB0F16400ECAC02 /* FTBufferFontImpl.h */,
				6382AAD10FB0F16400ECAC02 /* FTFont.cpp */,
				6382AAD20FB0F16400ECAC02 /* FTFontGlue.cpp */,
				6382AAD30FB0F16400ECAC02 /* FTFontImpl.h */,
			);
			path = FTFont;
			sourceTree = "<group>";
		};
		6382AAF10FB0F19400ECAC02 /* FTGlyph */ = {
			isa = PBXGroup;
			children = (
				E4FC75DD117599BA001ED907 /* FTPixmapGlyph.cpp */,
				E4FC75DE117599BA001ED907 /* FTPixmapGlyphImpl.h */,
				E4D1457E112E5EAA00CAD4E4 /* FTPolygonGlyph.cpp */,
				E4D1457F112E5EAA00CAD4E4 /* FTPolygonGlyphImpl.h */,
				63A6FA170FB1D96100C38E72 /* FTOutlineGlyphImpl.h */,
				63A6FA180FB1D96100C38E72 /* FTOutlineGlyph.cpp */,
				6382AB440FB0F29500ECAC02 /* FTTextureGlyph.cpp */,
				6382AB450FB0F29500ECAC02 /* FTTextureGlyphImpl.h */,
				6382AAF20FB0F19400ECAC02 /* FTBitmapGlyph.cpp */,
				6382AAF30FB0F19400ECAC02 /* FTBitmapGlyphImpl.h */,
				6382AAF40FB0F19400ECAC02 /* FTBufferGlyph.cpp */,
				6382AAF50FB0F19400ECAC02 /* FTBufferGlyphImpl.h */,
				6382AAF80FB0F19400ECAC02 /* FTGlyph.cpp */,
				6382AAF90FB0F19400ECAC02 /* FTGlyphGlue.cpp */,
				6382AAFA0FB0F19400ECAC02 /* FTGlyphImpl.h */,
			);
			path = FTGlyph;
			sourceTree = "<group>";
		};
		6382AB060FB0F19400ECAC02 /* FTLayout */ = {
			isa = PBXGroup;
			children = (
				6382AB070FB0F19400ECAC02 /* FTLayout.cpp */,
				6382AB080FB0F19400ECAC02 /* FTLayoutGlue.cpp */,
				6382AB090FB0F19400ECAC02 /* FTLayoutImpl.h */,
				6382AB0A0FB0F19400ECAC02 /* FTSimpleLayout.cpp */,
				6382AB0B0FB0F19400ECAC02 /* FTSimpleLayoutImpl.h */,
			);
			path = FTLayout;
			sourceTree = "<group>";
		};
		63AD932F0FAA1AE100A79D15 /* src */ = {
			isa = PBXGroup;
			children = (
				E4D145F5112E70C700CAD4E4 /* iGLU-1.0.0 */,
				63A6FA3B0FB1DBDC00C38E72 /* FTVectoriser.h */,
				63A6FA3C0FB1DBDC00C38E72 /* FTVectoriser.cpp */,
				6382AAE90FB0F19400ECAC02 /* FTBuffer.cpp */,
				6382AAEA0FB0F19400ECAC02 /* FTCharmap.cpp */,
				6382AAEB0FB0F19400ECAC02 /* FTCharmap.h */,
				6382AAEC0FB0F19400ECAC02 /* FTCharToGlyphIndexMap.h */,
				6382AAED0FB0F19400ECAC02 /* FTContour.cpp */,
				6382AAEE0FB0F19400ECAC02 /* FTContour.h */,
				6382AAEF0FB0F19400ECAC02 /* FTFace.cpp */,
				6382AAF00FB0F19400ECAC02 /* FTFace.h */,
				6382AAF10FB0F19400ECAC02 /* FTGlyph */,
				6382AB030FB0F19400ECAC02 /* FTGlyphContainer.cpp */,
				6382AB040FB0F19400ECAC02 /* FTGlyphContainer.h */,
				6382AB050FB0F19400ECAC02 /* FTInternals.h */,
				6382AB060FB0F19400ECAC02 /* FTLayout */,
				6382AB0C0FB0F19400ECAC02 /* FTLibrary.cpp */,
				6382AB0D0FB0F19400ECAC02 /* FTLibrary.h */,
				6382AB0E0FB0F19400ECAC02 /* FTList.h */,
				6382AB0F0FB0F19400ECAC02 /* FTPoint.cpp */,
				6382AB100FB0F19400ECAC02 /* FTSize.cpp */,
				6382AB110FB0F19400ECAC02 /* FTSize.h */,
				6382AB120FB0F19400ECAC02 /* FTUnicode.h */,
				6382AB130FB0F19400ECAC02 /* FTVector.h */,
				6382AACA0FB0F16400ECAC02 /* FTFont */,
				63AD934A0FAA1AE100A79D15 /* FTGL */,
			);
			path = src;
			sourceTree = "<group>";
		};
		63AD934A0FAA1AE100A79D15 /* FTGL */ = {
			isa = PBXGroup;
			children = (
				E4FC75E5117599D0001ED907 /* FTPixmapGlyph.h */,
				6382AB4A0FB0F2AD00ECAC02 /* FTTextureGlyph.h */,
				6382AB300FB0F1C000ECAC02 /* FTBufferFont.h */,
				6382AB330FB0F1C000ECAC02 /* FTGLOutlineFont.h */,
				6382AB340FB0F1C000ECAC02 /* FTGLPixmapFont.h */,
				6382AB350FB0F1C000ECAC02 /* FTGLPolygonFont.h */,
				63AD934B0FAA1AE100A79D15 /* FTBBox.h */,
				63AD934C0FAA1AE100A79D15 /* FTBitmapGlyph.h */,
				63AD934D0FAA1AE100A79D15 /* FTBuffer.h */,
				63AD934F0FAA1AE100A79D15 /* FTBufferGlyph.h */,
				63AD93510FAA1AE100A79D15 /* FTFont.h */,
				63AD93520FAA1AE100A79D15 /* FTGLBitmapFont.h */,
				63AD93530FAA1AE100A79D15 /* ftgles.h */,
				63AD93580FAA1AE100A79D15 /* FTGLTextureFont.h */,
				63AD93590FAA1AE100A79D15 /* FTGlyph.h */,
				63AD935A0FAA1AE100A79D15 /* FTLayout.h */,
				63AD935D0FAA1AE100A79D15 /* FTPoint.h */,
				63AD935F0FAA1AE100A79D15 /* FTSimpleLayout.h */,
				63BA7ABA10A1DA040023F917 /* ftglesGlue.h */,
				63BA7ABB10A1DC5C0023F917 /* ftglesGlue.cpp */,
			);
			path = FTGL;
			sourceTree = "<group>";
		};
		E431F77C112E8C1E00E393A2 /* ftgles */ = {
			isa = PBXGroup;
			children = (
				63BA7CB110A1EC6F0023F917 /* AUTHORS */,
				63AD932F0FAA1AE100A79D15 /* src */,
				63AD91AA0FAA140E00A79D15 /* config.h */,
			);
			name = ftgles;
			path = ../../ftgles;
			sourceTree = "<group>";
		};
		E431F77F112E8CCC00E393A2 /* freetype2 */ = {
			isa = PBXGroup;
			children = (
				E431F793112E8CDA00E393A2 /* freetype2.xcodeproj */,
			);
			name = freetype2;
			sourceTree = "<group>";
		};
		E431F794112E8CDA00E393A2 /* Products */ = {
			isa = PBXGroup;
			children = (
				E431F798112E8CDA00E393A2 /* libFreetype2.a */,
			);
			name = Products;
			sourceTree = "<group>";
		};
		E4D145DE112E6D6500CAD4E4 /* include */ = {
			isa = PBXGroup;
			children = (
				E4D14848112E8AAB00CAD4E4 /* glu.h */,
				E4D14849112E8AAB00CAD4E4 /* gluos.h */,
			);
			path = include;
			sourceTree = "<group>";
		};
		E4D145F5112E70C700CAD4E4 /* iGLU-1.0.0 */ = {
			isa = PBXGroup;
			children = (
				E4D1462A112E710100CAD4E4 /* libutil */,
				E4D145F7112E70E600CAD4E4 /* libtess */,
				E4D145DE112E6D6500CAD4E4 /* include */,
			);
			path = "iGLU-1.0.0";
			sourceTree = "<group>";
		};
		E4D145F7112E70E600CAD4E4 /* libtess */ = {
			isa = PBXGroup;
			children = (
				E4D145F9112E70E600CAD4E4 /* dict-list.h */,
				E4D145FA112E70E600CAD4E4 /* dict.c */,
				E4D145FB112E70E600CAD4E4 /* dict.h */,
				E4D145FC112E70E600CAD4E4 /* geom.c */,
				E4D145FD112E70E600CAD4E4 /* geom.h */,
				E4D145FE112E70E600CAD4E4 /* memalloc.c */,
				E4D145FF112E70E600CAD4E4 /* memalloc.h */,
				E4D14600112E70E600CAD4E4 /* mesh.c */,
				E4D14601112E70E600CAD4E4 /* mesh.h */,
				E4D14602112E70E600CAD4E4 /* normal.c */,
				E4D14603112E70E600CAD4E4 /* normal.h */,
				E4D14607112E70E600CAD4E4 /* priorityq.c */,
				E4D14608112E70E600CAD4E4 /* priorityq.h */,
				E4D1460A112E70E700CAD4E4 /* render.c */,
				E4D1460B112E70E700CAD4E4 /* render.h */,
				E4D1460C112E70E700CAD4E4 /* sweep.c */,
				E4D1460D112E70E700CAD4E4 /* sweep.h */,
				E4D1460E112E70E700CAD4E4 /* tess.c */,
				E4D1460F112E70E700CAD4E4 /* tess.h */,
				E4D14610112E70E700CAD4E4 /* tessmono.c */,
				E4D14611112E70E700CAD4E4 /* tessmono.h */,
			);
			path = libtess;
			sourceTree = "<group>";
		};
		E4D1462A112E710100CAD4E4 /* libutil */ = {
			isa = PBXGroup;
			children = (
				E4D1462B112E710100CAD4E4 /* error.c */,
				E4D1462C112E710100CAD4E4 /* glue.c */,
				E4D1462D112E710100CAD4E4 /* gluint.h */,
				E4D1462E112E710100CAD4E4 /* project.c */,
				E4D1462F112E710100CAD4E4 /* registry.c */,
			);
			path = libutil;
			sourceTree = "<group>";
		};
/* End PBXGroup section */

/* Begin PBXHeadersBuildPhase section */
		63A6FD510FB1F7AF00C38E72 /* Headers */ = {
			isa = PBXHeadersBuildPhase;
			buildActionMask = 2147483647;
			files = (
				E4D14581112E5EAA00CAD4E4 /* FTPolygonGlyphImpl.h in Headers */,
				E4D14585112E5EBB00CAD4E4 /* FTPolygonFontImpl.h in Headers */,
				E4D14612112E70E700CAD4E4 /* dict-list.h in Headers */,
				E4D14614112E70E700CAD4E4 /* dict.h in Headers */,
				E4D14616112E70E700CAD4E4 /* geom.h in Headers */,
				E4D14618112E70E700CAD4E4 /* memalloc.h in Headers */,
				E4D1461A112E70E700CAD4E4 /* mesh.h in Headers */,
				E4D1461C112E70E700CAD4E4 /* normal.h in Headers */,
				E4D14621112E70E700CAD4E4 /* priorityq.h in Headers */,
				E4D14623112E70E700CAD4E4 /* render.h in Headers */,
				E4D14625112E70E700CAD4E4 /* sweep.h in Headers */,
				E4D14627112E70E700CAD4E4 /* tess.h in Headers */,
				E4D14629112E70E700CAD4E4 /* tessmono.h in Headers */,
				E4D14632112E710100CAD4E4 /* gluint.h in Headers */,
				E4D1484A112E8AAB00CAD4E4 /* glu.h in Headers */,
				E4D1484B112E8AAB00CAD4E4 /* gluos.h in Headers */,
				E4FC75E0117599BA001ED907 /* FTPixmapGlyphImpl.h in Headers */,
				E4FC75E4117599C6001ED907 /* FTPixmapFontImpl.h in Headers */,
				E4FC75E6117599D0001ED907 /* FTPixmapGlyph.h in Headers */,
			);
			runOnlyForDeploymentPostprocessing = 0;
		};
/* End PBXHeadersBuildPhase section */

/* Begin PBXNativeTarget section */
		63A6FD500FB1F7AF00C38E72 /* FTGLES */ = {
			isa = PBXNativeTarget;
			buildConfigurationList = 63A6FE8D0FB1F7AF00C38E72 /* Build configuration list for PBXNativeTarget "FTGLES" */;
			buildPhases = (
				63A6FD510FB1F7AF00C38E72 /* Headers */,
				63A6FDD30FB1F7AF00C38E72 /* Sources */,
				63A6FE8B0FB1F7AF00C38E72 /* Frameworks */,
			);
			buildRules = (
			);
			dependencies = (
				E431F79B112E8CEE00E393A2 /* PBXTargetDependency */,
			);
			name = FTGLES;
			productName = freetype;
			productReference = 63A6FE900FB1F7AF00C38E72 /* libFTGLES.a */;
			productType = "com.apple.product-type.library.static";
		};
/* End PBXNativeTarget section */

/* Begin PBXProject section */
		29B97313FDCFA39411CA2CEA /* Project object */ = {
			isa = PBXProject;
			buildConfigurationList = C01FCF4E08A954540054247B /* Build configuration list for PBXProject "ftgles" */;
			compatibilityVersion = "Xcode 3.1";
			hasScannedForEncodings = 1;
			mainGroup = 29B97314FDCFA39411CA2CEA /* CustomTemplate */;
			projectDirPath = "";
			projectReferences = (
				{
					ProductGroup = E431F794112E8CDA00E393A2 /* Products */;
					ProjectRef = E431F793112E8CDA00E393A2 /* freetype2.xcodeproj */;
				},
			);
			projectRoot = "";
			targets = (
				63A6FD500FB1F7AF00C38E72 /* FTGLES */,
			);
		};
/* End PBXProject section */

/* Begin PBXReferenceProxy section */
		E431F798112E8CDA00E393A2 /* libFreetype2.a */ = {
			isa = PBXReferenceProxy;
			fileType = archive.ar;
			path = libFreetype2.a;
			remoteRef = E431F797112E8CDA00E393A2 /* PBXContainerItemProxy */;
			sourceTree = BUILT_PRODUCTS_DIR;
		};
/* End PBXReferenceProxy section */

/* Begin PBXSourcesBuildPhase section */
		63A6FDD30FB1F7AF00C38E72 /* Sources */ = {
			isa = PBXSourcesBuildPhase;
			buildActionMask = 2147483647;
			files = (
				63A6FE930FB1F7DF00C38E72 /* FTVectoriser.cpp in Sources */,
				63A6FE940FB1F7DF00C38E72 /* FTBuffer.cpp in Sources */,
				63A6FE950FB1F7DF00C38E72 /* FTCharmap.cpp in Sources */,
				63A6FE960FB1F7DF00C38E72 /* FTContour.cpp in Sources */,
				63A6FE970FB1F7DF00C38E72 /* FTFace.cpp in Sources */,
				63A6FE980FB1F7DF00C38E72 /* FTOutlineGlyph.cpp in Sources */,
				63A6FE990FB1F7DF00C38E72 /* FTTextureGlyph.cpp in Sources */,
				63A6FE9A0FB1F7DF00C38E72 /* FTBitmapGlyph.cpp in Sources */,
				63A6FE9B0FB1F7DF00C38E72 /* FTBufferGlyph.cpp in Sources */,
				63A6FE9C0FB1F7DF00C38E72 /* FTGlyph.cpp in Sources */,
				63A6FE9D0FB1F7DF00C38E72 /* FTGlyphGlue.cpp in Sources */,
				63A6FE9E0FB1F7DF00C38E72 /* FTGlyphContainer.cpp in Sources */,
				63A6FE9F0FB1F7DF00C38E72 /* FTLayout.cpp in Sources */,
				63A6FEA00FB1F7DF00C38E72 /* FTLayoutGlue.cpp in Sources */,
				63A6FEA10FB1F7DF00C38E72 /* FTSimpleLayout.cpp in Sources */,
				63A6FEA20FB1F7DF00C38E72 /* FTLibrary.cpp in Sources */,
				63A6FEA30FB1F7DF00C38E72 /* FTPoint.cpp in Sources */,
				63A6FEA40FB1F7DF00C38E72 /* FTSize.cpp in Sources */,
				63A6FEA50FB1F7DF00C38E72 /* FTOutlineFont.cpp in Sources */,
				63A6FEA60FB1F7DF00C38E72 /* FTBitmapFont.cpp in Sources */,
				63A6FEA70FB1F7DF00C38E72 /* FTTextureFont.cpp in Sources */,
				63A6FEA80FB1F7DF00C38E72 /* FTBufferFont.cpp in Sources */,
				63A6FEA90FB1F7DF00C38E72 /* FTFont.cpp in Sources */,
				63A6FEAA0FB1F7DF00C38E72 /* FTFontGlue.cpp in Sources */,
				63BA7ABC10A1DC5C0023F917 /* ftglesGlue.cpp in Sources */,
				E4D14580112E5EAA00CAD4E4 /* FTPolygonGlyph.cpp in Sources */,
				E4D14584112E5EBB00CAD4E4 /* FTPolygonFont.cpp in Sources */,
				E4D14613112E70E700CAD4E4 /* dict.c in Sources */,
				E4D14615112E70E700CAD4E4 /* geom.c in Sources */,
				E4D14617112E70E700CAD4E4 /* memalloc.c in Sources */,
				E4D14619112E70E700CAD4E4 /* mesh.c in Sources */,
				E4D1461B112E70E700CAD4E4 /* normal.c in Sources */,
				E4D14620112E70E700CAD4E4 /* priorityq.c in Sources */,
				E4D14622112E70E700CAD4E4 /* render.c in Sources */,
				E4D14624112E70E700CAD4E4 /* sweep.c in Sources */,
				E4D14626112E70E700CAD4E4 /* tess.c in Sources */,
				E4D14628112E70E700CAD4E4 /* tessmono.c in Sources */,
				E4D14630112E710100CAD4E4 /* error.c in Sources */,
				E4D14631112E710100CAD4E4 /* glue.c in Sources */,
				E4D14633112E710100CAD4E4 /* project.c in Sources */,
				E4D14634112E710100CAD4E4 /* registry.c in Sources */,
				E4FC75DF117599BA001ED907 /* FTPixmapGlyph.cpp in Sources */,
				E4FC75E3117599C6001ED907 /* FTPixmapFont.cpp in Sources */,
			);
			runOnlyForDeploymentPostprocessing = 0;
		};
/* End PBXSourcesBuildPhase section */

/* Begin PBXTargetDependency section */
		E431F79B112E8CEE00E393A2 /* PBXTargetDependency */ = {
			isa = PBXTargetDependency;
			name = Freetype2;
			targetProxy = E431F79A112E8CEE00E393A2 /* PBXContainerItemProxy */;
		};
/* End PBXTargetDependency section */

/* Begin XCBuildConfiguration section */
		63A6FE8E0FB1F7AF00C38E72 /* Debug */ = {
			isa = XCBuildConfiguration;
			buildSettings = {
				ALWAYS_SEARCH_USER_PATHS = YES;
				ARCHS = "$(ARCHS_STANDARD_32_BIT)";
				COPY_PHASE_STRIP = NO;
				DEAD_CODE_STRIPPING = NO;
				GCC_DYNAMIC_NO_PIC = NO;
				GCC_ENABLE_SYMBOL_SEPARATION = YES;
				GCC_INLINES_ARE_PRIVATE_EXTERN = NO;
				GCC_LINK_WITH_DYNAMIC_LIBRARIES = YES;
				GCC_OPTIMIZATION_LEVEL = 2;
				GCC_PREPROCESSOR_DEFINITIONS = (
					"FT2_BUILD_LIBRARY=1",
					"FT_OPTION_AUTOFIT2=1",
				);
				GCC_THUMB_SUPPORT = NO;
				GCC_VERSION = 4.2;
				GENERATE_PKGINFO_FILE = YES;
				HEADER_SEARCH_PATHS = "../../freetype-2.3.9/include/freetype/**";
				IPHONEOS_DEPLOYMENT_TARGET = 3.0;
				ONLY_ACTIVE_ARCH = NO;
				OTHER_LDFLAGS = "";
				PREBINDING = NO;
				PRECOMPS_INCLUDE_HEADERS_FROM_BUILT_PRODUCTS_DIR = NO;
				PRODUCT_NAME = FTGLES;
				SCAN_ALL_SOURCE_FILES_FOR_INCLUDES = YES;
				SDKROOT = iphoneos4.0;
				USER_HEADER_SEARCH_PATHS = "../../freetype-2.3.9/include ../../ftgles/src";
				WARNING_CFLAGS = "-Wall";
			};
			name = Debug;
		};
		63A6FE8F0FB1F7AF00C38E72 /* Release */ = {
			isa = XCBuildConfiguration;
			buildSettings = {
				ALWAYS_SEARCH_USER_PATHS = YES;
				ARCHS = "$(ARCHS_STANDARD_32_BIT)";
				COMPRESS_PNG_FILES = NO;
				COPY_PHASE_STRIP = YES;
				DEAD_CODE_STRIPPING = NO;
				DEBUG_INFORMATION_FORMAT = "dwarf-with-dsym";
				GCC_ENABLE_FIX_AND_CONTINUE = NO;
				GCC_GENERATE_DEBUGGING_SYMBOLS = NO;
				GCC_OPTIMIZATION_LEVEL = 2;
				GCC_PREPROCESSOR_DEFINITIONS = (
					"FT_OPTION_AUTOFIT2=1",
					"FT2_BUILD_LIBRARY=1",
				);
				GCC_THUMB_SUPPORT = YES;
				GENERATE_PKGINFO_FILE = YES;
				HEADER_SEARCH_PATHS = "../../freetype-2.3.9/include/freetype/**";
				IPHONEOS_DEPLOYMENT_TARGET = 3.0;
				ONLY_ACTIVE_ARCH = NO;
				OTHER_CFLAGS = "";
				PREBINDING = NO;
				PRECOMPS_INCLUDE_HEADERS_FROM_BUILT_PRODUCTS_DIR = NO;
				PRODUCT_NAME = FTGLES;
				SCAN_ALL_SOURCE_FILES_FOR_INCLUDES = YES;
				SDKROOT = iphoneos4.0;
				USER_HEADER_SEARCH_PATHS = "../../ftgles/src ../../freetype-2.3.9/include";
				WARNING_CFLAGS = "-Wall";
				ZERO_LINK = NO;
			};
			name = Release;
		};
		C01FCF4F08A954540054247B /* Debug */ = {
			isa = XCBuildConfiguration;
			buildSettings = {
				ARCHS = "$(ARCHS_STANDARD_32_BIT)";
				CODE_SIGN_IDENTITY = "iPhone Developer: David Petrie (DFQZ94R4C6)";
				COMPRESS_PNG_FILES = NO;
				HEADER_SEARCH_PATHS = "";
				IPHONEOS_DEPLOYMENT_TARGET = 2.0;
				ONLY_ACTIVE_ARCH = YES;
				PROVISIONING_PROFILE = "2F9B69AF-CD22-482D-8459-3C8DA79AF8C5";
				SDKROOT = iphonesimulator4.0;
				STRIP_INSTALLED_PRODUCT = NO;
				USER_HEADER_SEARCH_PATHS = "";
			};
			name = Debug;
		};
		C01FCF5008A954540054247B /* Release */ = {
			isa = XCBuildConfiguration;
			buildSettings = {
				ARCHS = "$(ARCHS_STANDARD_32_BIT)";
				HEADER_SEARCH_PATHS = "";
				SDKROOT = iphonesimulator4.0;
			};
			name = Release;
		};
/* End XCBuildConfiguration section */

/* Begin XCConfigurationList section */
		63A6FE8D0FB1F7AF00C38E72 /* Build configuration list for PBXNativeTarget "FTGLES" */ = {
			isa = XCConfigurationList;
			buildConfigurations = (
				63A6FE8E0FB1F7AF00C38E72 /* Debug */,
				63A6FE8F0FB1F7AF00C38E72 /* Release */,
			);
			defaultConfigurationIsVisible = 0;
			defaultConfigurationName = Release;
		};
		C01FCF4E08A954540054247B /* Build configuration list for PBXProject "ftgles" */ = {
			isa = XCConfigurationList;
			buildConfigurations = (
				C01FCF4F08A954540054247B /* Debug */,
				C01FCF5008A954540054247B /* Release */,
			);
			defaultConfigurationIsVisible = 0;
			defaultConfigurationName = Release;
		};
/* End XCConfigurationList section */
	};
	rootObject = 29B97313FDCFA39411CA2CEA /* Project object */;
}
