
Microsoft Visual Studio Solution File, Format Version 11.00
# Visual Studio 2010
Project("{8BC9CEB8-8B4A-11D0-8D11-00A0C91BC942}") = "GWEN-DLL", "GWEN-DLL.vcxproj", "{123B2816-4184-6D45-83FC-BC493E040197}"
EndProject
Project("{8BC9CEB8-8B4A-11D0-8D11-00A0C91BC942}") = "GWEN-Static", "GWEN-Static.vcxproj", "{9D35B14A-44E9-7346-B483-E19F8DA74E4F}"
EndProject
Project("{8BC9CEB8-8B4A-11D0-8D11-00A0C91BC942}") = "UnitTest", "UnitTest.vcxproj", "{92C85A32-79CB-C94E-AAE5-59DE024C871A}"
EndProject
Project("{8BC9CEB8-8B4A-11D0-8D11-00A0C91BC942}") = "Renderer-OpenGL", "Renderer-OpenGL.vcxproj", "{289B1D82-C646-324D-84C8-0666098DE8CE}"
EndProject
Project("{8BC9CEB8-8B4A-11D0-8D11-00A0C91BC942}") = "Renderer-OpenGL_DebugFont", "Renderer-OpenGL_DebugFont.vcxproj", "{29E85D8E-4BF9-C548-8441-F3594A3E0566}"
EndProject
Project("{8BC9CEB8-8B4A-11D0-8D11-00A0C91BC942}") = "Renderer-SFML", "Renderer-SFML.vcxproj", "{F707E203-2A3F-7740-96BA-32347B15280D}"
EndProject
Project("{8BC9CEB8-8B4A-11D0-8D11-00A0C91BC942}") = "Renderer-Allegro", "Renderer-Allegro.vcxproj", "{96F67540-54C5-644D-B0D4-10E7A69653F9}"
EndProject
Project("{8BC9CEB8-8B4A-11D0-8D11-00A0C91BC942}") = "Renderer-DirectX9", "Renderer-DirectX9.vcxproj", "{10305AD8-EEEC-7746-9291-3706DE62109D}"
EndProject
Project("{8BC9CEB8-8B4A-11D0-8D11-00A0C91BC942}") = "Renderer-Direct2D", "Renderer-Direct2D.vcxproj", "{1624096C-AC63-3349-ABBE-8FDFC1869FEC}"
EndProject
Project("{8BC9CEB8-8B4A-11D0-8D11-00A0C91BC942}") = "Renderer-GDI", "Renderer-GDI.vcxproj", "{18EF28BC-D529-D14E-92FF-453A49F47F2A}"
EndProject
Project("{8BC9CEB8-8B4A-11D0-8D11-00A0C91BC942}") = "Sample-CrossPlatform", "Sample-CrossPlatform.vcxproj", "{70FDD5FE-2C7D-DE4B-93B4-87C49FF77218}"
	ProjectSection(ProjectDependencies) = postProject
		{92C85A32-79CB-C94E-AAE5-59DE024C871A} = {92C85A32-79CB-C94E-AAE5-59DE024C871A}
		{29E85D8E-4BF9-C548-8441-F3594A3E0566} = {29E85D8E-4BF9-C548-8441-F3594A3E0566}
		{9D35B14A-44E9-7346-B483-E19F8DA74E4F} = {9D35B14A-44E9-7346-B483-E19F8DA74E4F}
	EndProjectSection
EndProject
Project("{8BC9CEB8-8B4A-11D0-8D11-00A0C91BC942}") = "Sample-SFML", "Sample-SFML.vcxproj", "{52635D33-C5F6-6A49-80FB-B68F005468E5}"
	ProjectSection(ProjectDependencies) = postProject
		{92C85A32-79CB-C94E-AAE5-59DE024C871A} = {92C85A32-79CB-C94E-AAE5-59DE024C871A}
		{F707E203-2A3F-7740-96BA-32347B15280D} = {F707E203-2A3F-7740-96BA-32347B15280D}
		{9D35B14A-44E9-7346-B483-E19F8DA74E4F} = {9D35B14A-44E9-7346-B483-E19F8DA74E4F}
	EndProjectSection
EndProject
Project("{8BC9CEB8-8B4A-11D0-8D11-00A0C91BC942}") = "Sample-Allegro", "Sample-Allegro.vcxproj", "{E9530690-322E-FC4E-8606-CACB6F493176}"
	ProjectSection(ProjectDependencies) = postProject
		{92C85A32-79CB-C94E-AAE5-59DE024C871A} = {92C85A32-79CB-C94E-AAE5-59DE024C871A}
		{96F67540-54C5-644D-B0D4-10E7A69653F9} = {96F67540-54C5-644D-B0D4-10E7A69653F9}
		{9D35B14A-44E9-7346-B483-E19F8DA74E4F} = {9D35B14A-44E9-7346-B483-E19F8DA74E4F}
	EndProjectSection
EndProject
Project("{8BC9CEB8-8B4A-11D0-8D11-00A0C91BC942}") = "Sample-Direct2D", "Sample-Direct2D.vcxproj", "{05AF1520-1CF2-5449-90EB-7FD087CAC0B9}"
	ProjectSection(ProjectDependencies) = postProject
		{92C85A32-79CB-C94E-AAE5-59DE024C871A} = {92C85A32-79CB-C94E-AAE5-59DE024C871A}
		{1624096C-AC63-3349-ABBE-8FDFC1869FEC} = {1624096C-AC63-3349-ABBE-8FDFC1869FEC}
		{9D35B14A-44E9-7346-B483-E19F8DA74E4F} = {9D35B14A-44E9-7346-B483-E19F8DA74E4F}
	EndProjectSection
EndProject
Project("{8BC9CEB8-8B4A-11D0-8D11-00A0C91BC942}") = "Sample-DirectX9", "Sample-DirectX9.vcxproj", "{1CFE6BD0-38D3-2542-8737-E50A6A43D5D6}"
	ProjectSection(ProjectDependencies) = postProject
		{92C85A32-79CB-C94E-AAE5-59DE024C871A} = {92C85A32-79CB-C94E-AAE5-59DE024C871A}
		{10305AD8-EEEC-7746-9291-3706DE62109D} = {10305AD8-EEEC-7746-9291-3706DE62109D}
		{9D35B14A-44E9-7346-B483-E19F8DA74E4F} = {9D35B14A-44E9-7346-B483-E19F8DA74E4F}
	EndProjectSection
EndProject
Project("{8BC9CEB8-8B4A-11D0-8D11-00A0C91BC942}") = "Sample-WindowsGDI", "Sample-WindowsGDI.vcxproj", "{13002B37-D27C-744B-BC87-2BD56F7EC8DA}"
	ProjectSection(ProjectDependencies) = postProject
		{92C85A32-79CB-C94E-AAE5-59DE024C871A} = {92C85A32-79CB-C94E-AAE5-59DE024C871A}
		{18EF28BC-D529-D14E-92FF-453A49F47F2A} = {18EF28BC-D529-D14E-92FF-453A49F47F2A}
		{9D35B14A-44E9-7346-B483-E19F8DA74E4F} = {9D35B14A-44E9-7346-B483-E19F8DA74E4F}
	EndProjectSection
EndProject
Project("{8BC9CEB8-8B4A-11D0-8D11-00A0C91BC942}") = "Sample-OpenGL", "Sample-OpenGL.vcxproj", "{0BD09CE1-3F66-1640-A0E6-A830DA0C0D7F}"
	ProjectSection(ProjectDependencies) = postProject
		{92C85A32-79CB-C94E-AAE5-59DE024C871A} = {92C85A32-79CB-C94E-AAE5-59DE024C871A}
		{289B1D82-C646-324D-84C8-0666098DE8CE} = {289B1D82-C646-324D-84C8-0666098DE8CE}
		{9D35B14A-44E9-7346-B483-E19F8DA74E4F} = {9D35B14A-44E9-7346-B483-E19F8DA74E4F}
	EndProjectSection
EndProject
Project("{8BC9CEB8-8B4A-11D0-8D11-00A0C91BC942}") = "Sample-OpenGL_DebugFont", "Sample-OpenGL_DebugFont.vcxproj", "{2185B0D2-EF0A-E14B-9ACA-A1DBE13EEEDE}"
	ProjectSection(ProjectDependencies) = postProject
		{92C85A32-79CB-C94E-AAE5-59DE024C871A} = {92C85A32-79CB-C94E-AAE5-59DE024C871A}
		{29E85D8E-4BF9-C548-8441-F3594A3E0566} = {29E85D8E-4BF9-C548-8441-F3594A3E0566}
		{9D35B14A-44E9-7346-B483-E19F8DA74E4F} = {9D35B14A-44E9-7346-B483-E19F8DA74E4F}
	EndProjectSection
EndProject
Project("{8BC9CEB8-8B4A-11D0-8D11-00A0C91BC942}") = "ControlFactory", "ControlFactory.vcxproj", "{ABAD16F7-8479-064C-9FC0-E4B1B6BD1F56}"
EndProject
Project("{8BC9CEB8-8B4A-11D0-8D11-00A0C91BC942}") = "ImportExport", "ImportExport.vcxproj", "{8BBB0B01-62B6-CB4C-81D2-A71926E50AF9}"
EndProject
Global
	GlobalSection(SolutionConfigurationPlatforms) = preSolution
		Release|Win32 = Release|Win32
		Debug|Win32 = Debug|Win32
	EndGlobalSection
	GlobalSection(ProjectConfigurationPlatforms) = postSolution
		{123B2816-4184-6D45-83FC-BC493E040197}.Release|Win32.ActiveCfg = Release|Win32
		{123B2816-4184-6D45-83FC-BC493E040197}.Release|Win32.Build.0 = Release|Win32
		{123B2816-4184-6D45-83FC-BC493E040197}.Debug|Win32.ActiveCfg = Debug|Win32
		{123B2816-4184-6D45-83FC-BC493E040197}.Debug|Win32.Build.0 = Debug|Win32
		{9D35B14A-44E9-7346-B483-E19F8DA74E4F}.Release|Win32.ActiveCfg = Release|Win32
		{9D35B14A-44E9-7346-B483-E19F8DA74E4F}.Release|Win32.Build.0 = Release|Win32
		{9D35B14A-44E9-7346-B483-E19F8DA74E4F}.Debug|Win32.ActiveCfg = Debug|Win32
		{9D35B14A-44E9-7346-B483-E19F8DA74E4F}.Debug|Win32.Build.0 = Debug|Win32
		{92C85A32-79CB-C94E-AAE5-59DE024C871A}.Release|Win32.ActiveCfg = Release|Win32
		{92C85A32-79CB-C94E-AAE5-59DE024C871A}.Release|Win32.Build.0 = Release|Win32
		{92C85A32-79CB-C94E-AAE5-59DE024C871A}.Debug|Win32.ActiveCfg = Debug|Win32
		{92C85A32-79CB-C94E-AAE5-59DE024C871A}.Debug|Win32.Build.0 = Debug|Win32
		{289B1D82-C646-324D-84C8-0666098DE8CE}.Release|Win32.ActiveCfg = Release|Win32
		{289B1D82-C646-324D-84C8-0666098DE8CE}.Release|Win32.Build.0 = Release|Win32
		{289B1D82-C646-324D-84C8-0666098DE8CE}.Debug|Win32.ActiveCfg = Debug|Win32
		{289B1D82-C646-324D-84C8-0666098DE8CE}.Debug|Win32.Build.0 = Debug|Win32
		{29E85D8E-4BF9-C548-8441-F3594A3E0566}.Release|Win32.ActiveCfg = Release|Win32
		{29E85D8E-4BF9-C548-8441-F3594A3E0566}.Release|Win32.Build.0 = Release|Win32
		{29E85D8E-4BF9-C548-8441-F3594A3E0566}.Debug|Win32.ActiveCfg = Debug|Win32
		{29E85D8E-4BF9-C548-8441-F3594A3E0566}.Debug|Win32.Build.0 = Debug|Win32
		{F707E203-2A3F-7740-96BA-32347B15280D}.Release|Win32.ActiveCfg = Release|Win32
		{F707E203-2A3F-7740-96BA-32347B15280D}.Release|Win32.Build.0 = Release|Win32
		{F707E203-2A3F-7740-96BA-32347B15280D}.Debug|Win32.ActiveCfg = Debug|Win32
		{F707E203-2A3F-7740-96BA-32347B15280D}.Debug|Win32.Build.0 = Debug|Win32
		{96F67540-54C5-644D-B0D4-10E7A69653F9}.Release|Win32.ActiveCfg = Release|Win32
		{96F67540-54C5-644D-B0D4-10E7A69653F9}.Release|Win32.Build.0 = Release|Win32
		{96F67540-54C5-644D-B0D4-10E7A69653F9}.Debug|Win32.ActiveCfg = Debug|Win32
		{96F67540-54C5-644D-B0D4-10E7A69653F9}.Debug|Win32.Build.0 = Debug|Win32
		{10305AD8-EEEC-7746-9291-3706DE62109D}.Release|Win32.ActiveCfg = Release|Win32
		{10305AD8-EEEC-7746-9291-3706DE62109D}.Release|Win32.Build.0 = Release|Win32
		{10305AD8-EEEC-7746-9291-3706DE62109D}.Debug|Win32.ActiveCfg = Debug|Win32
		{10305AD8-EEEC-7746-9291-3706DE62109D}.Debug|Win32.Build.0 = Debug|Win32
		{1624096C-AC63-3349-ABBE-8FDFC1869FEC}.Release|Win32.ActiveCfg = Release|Win32
		{1624096C-AC63-3349-ABBE-8FDFC1869FEC}.Release|Win32.Build.0 = Release|Win32
		{1624096C-AC63-3349-ABBE-8FDFC1869FEC}.Debug|Win32.ActiveCfg = Debug|Win32
		{1624096C-AC63-3349-ABBE-8FDFC1869FEC}.Debug|Win32.Build.0 = Debug|Win32
		{18EF28BC-D529-D14E-92FF-453A49F47F2A}.Release|Win32.ActiveCfg = Release|Win32
		{18EF28BC-D529-D14E-92FF-453A49F47F2A}.Release|Win32.Build.0 = Release|Win32
		{18EF28BC-D529-D14E-92FF-453A49F47F2A}.Debug|Win32.ActiveCfg = Debug|Win32
		{18EF28BC-D529-D14E-92FF-453A49F47F2A}.Debug|Win32.Build.0 = Debug|Win32
		{70FDD5FE-2C7D-DE4B-93B4-87C49FF77218}.Release|Win32.ActiveCfg = Release|Win32
		{70FDD5FE-2C7D-DE4B-93B4-87C49FF77218}.Release|Win32.Build.0 = Release|Win32
		{70FDD5FE-2C7D-DE4B-93B4-87C49FF77218}.Debug|Win32.ActiveCfg = Debug|Win32
		{70FDD5FE-2C7D-DE4B-93B4-87C49FF77218}.Debug|Win32.Build.0 = Debug|Win32
		{52635D33-C5F6-6A49-80FB-B68F005468E5}.Release|Win32.ActiveCfg = Release|Win32
		{52635D33-C5F6-6A49-80FB-B68F005468E5}.Release|Win32.Build.0 = Release|Win32
		{52635D33-C5F6-6A49-80FB-B68F005468E5}.Debug|Win32.ActiveCfg = Debug|Win32
		{52635D33-C5F6-6A49-80FB-B68F005468E5}.Debug|Win32.Build.0 = Debug|Win32
		{E9530690-322E-FC4E-8606-CACB6F493176}.Release|Win32.ActiveCfg = Release|Win32
		{E9530690-322E-FC4E-8606-CACB6F493176}.Release|Win32.Build.0 = Release|Win32
		{E9530690-322E-FC4E-8606-CACB6F493176}.Debug|Win32.ActiveCfg = Debug|Win32
		{E9530690-322E-FC4E-8606-CACB6F493176}.Debug|Win32.Build.0 = Debug|Win32
		{05AF1520-1CF2-5449-90EB-7FD087CAC0B9}.Release|Win32.ActiveCfg = Release|Win32
		{05AF1520-1CF2-5449-90EB-7FD087CAC0B9}.Release|Win32.Build.0 = Release|Win32
		{05AF1520-1CF2-5449-90EB-7FD087CAC0B9}.Debug|Win32.ActiveCfg = Debug|Win32
		{05AF1520-1CF2-5449-90EB-7FD087CAC0B9}.Debug|Win32.Build.0 = Debug|Win32
		{1CFE6BD0-38D3-2542-8737-E50A6A43D5D6}.Release|Win32.ActiveCfg = Release|Win32
		{1CFE6BD0-38D3-2542-8737-E50A6A43D5D6}.Release|Win32.Build.0 = Release|Win32
		{1CFE6BD0-38D3-2542-8737-E50A6A43D5D6}.Debug|Win32.ActiveCfg = Debug|Win32
		{1CFE6BD0-38D3-2542-8737-E50A6A43D5D6}.Debug|Win32.Build.0 = Debug|Win32
		{13002B37-D27C-744B-BC87-2BD56F7EC8DA}.Release|Win32.ActiveCfg = Release|Win32
		{13002B37-D27C-744B-BC87-2BD56F7EC8DA}.Release|Win32.Build.0 = Release|Win32
		{13002B37-D27C-744B-BC87-2BD56F7EC8DA}.Debug|Win32.ActiveCfg = Debug|Win32
		{13002B37-D27C-744B-BC87-2BD56F7EC8DA}.Debug|Win32.Build.0 = Debug|Win32
		{0BD09CE1-3F66-1640-A0E6-A830DA0C0D7F}.Release|Win32.ActiveCfg = Release|Win32
		{0BD09CE1-3F66-1640-A0E6-A830DA0C0D7F}.Release|Win32.Build.0 = Release|Win32
		{0BD09CE1-3F66-1640-A0E6-A830DA0C0D7F}.Debug|Win32.ActiveCfg = Debug|Win32
		{0BD09CE1-3F66-1640-A0E6-A830DA0C0D7F}.Debug|Win32.Build.0 = Debug|Win32
		{2185B0D2-EF0A-E14B-9ACA-A1DBE13EEEDE}.Release|Win32.ActiveCfg = Release|Win32
		{2185B0D2-EF0A-E14B-9ACA-A1DBE13EEEDE}.Release|Win32.Build.0 = Release|Win32
		{2185B0D2-EF0A-E14B-9ACA-A1DBE13EEEDE}.Debug|Win32.ActiveCfg = Debug|Win32
		{2185B0D2-EF0A-E14B-9ACA-A1DBE13EEEDE}.Debug|Win32.Build.0 = Debug|Win32
		{ABAD16F7-8479-064C-9FC0-E4B1B6BD1F56}.Release|Win32.ActiveCfg = Release|Win32
		{ABAD16F7-8479-064C-9FC0-E4B1B6BD1F56}.Release|Win32.Build.0 = Release|Win32
		{ABAD16F7-8479-064C-9FC0-E4B1B6BD1F56}.Debug|Win32.ActiveCfg = Debug|Win32
		{ABAD16F7-8479-064C-9FC0-E4B1B6BD1F56}.Debug|Win32.Build.0 = Debug|Win32
		{8BBB0B01-62B6-CB4C-81D2-A71926E50AF9}.Release|Win32.ActiveCfg = Release|Win32
		{8BBB0B01-62B6-CB4C-81D2-A71926E50AF9}.Release|Win32.Build.0 = Release|Win32
		{8BBB0B01-62B6-CB4C-81D2-A71926E50AF9}.Debug|Win32.ActiveCfg = Debug|Win32
		{8BBB0B01-62B6-CB4C-81D2-A71926E50AF9}.Debug|Win32.Build.0 = Debug|Win32
	EndGlobalSection
	GlobalSection(SolutionProperties) = preSolution
		HideSolutionNode = FALSE
	EndGlobalSection
EndGlobal
