
Microsoft Visual Studio Solution File, Format Version 10.00
# Visual C++ Express 2008
Project("{8BC9CEB8-8B4A-11D0-8D11-00A0C91BC942}") = "WindowsAngelKicker", "WindowsAngelKicker.vcproj", "{32E663D4-9955-4814-9E41-30B9DC91E57E}"
EndProject
Global
	GlobalSection(SolutionConfigurationPlatforms) = preSolution
		Debug|Win32 = Debug|Win32
		Release|Win32 = Release|Win32
	EndGlobalSection
	GlobalSection(ProjectConfigurationPlatforms) = postSolution
		{32E663D4-9955-4814-9E41-30B9DC91E57E}.Debug|Win32.ActiveCfg = Debug|Win32
		{32E663D4-9955-4814-9E41-30B9DC91E57E}.Debug|Win32.Build.0 = Debug|Win32
		{32E663D4-9955-4814-9E41-30B9DC91E57E}.Release|Win32.ActiveCfg = Release|Win32
		{32E663D4-9955-4814-9E41-30B9DC91E57E}.Release|Win32.Build.0 = Release|Win32
	EndGlobalSection
	GlobalSection(SolutionProperties) = preSolution
		HideSolutionNode = FALSE
	EndGlobalSection
EndGlobal
